Microsoft Visual Studio Solution File, Format Version 12.00
# Visual Studio 2013
Project("{8BC9CEB8-8B4A-11D0-8D11-00A0C91BC942}") = "ALL_BUILD", "ALL_BUILD.vcxproj", "{522B5745-AEF3-4C5E-9A25-077B06D4ECEA}"
	ProjectSection(ProjectDependencies) = postProject
		{980F22A1-DD7C-4B62-A1DD-8D6C6F40237B} = {980F22A1-DD7C-4B62-A1DD-8D6C6F40237B}
		{187151AE-E2FB-445A-BCC4-6BF7670F453B} = {187151AE-E2FB-445A-BCC4-6BF7670F453B}
		{29333F62-D4AF-4AE6-8E60-337E4D279130} = {29333F62-D4AF-4AE6-8E60-337E4D279130}
		{62B67B4E-F015-4BE0-B96A-0EB33AC9672A} = {62B67B4E-F015-4BE0-B96A-0EB33AC9672A}
		{AB40AD48-5E0D-40E0-A865-7019027E9581} = {AB40AD48-5E0D-40E0-A865-7019027E9581}
		{B23E7A92-5BA8-493F-8C92-7950BA7B6A77} = {B23E7A92-5BA8-493F-8C92-7950BA7B6A77}
		{F5D01DF0-9F6C-4135-B273-D6C4CCFBA6A8} = {F5D01DF0-9F6C-4135-B273-D6C4CCFBA6A8}
		{6E3236A5-E91F-40CE-B91A-82B21AFD8BCC} = {6E3236A5-E91F-40CE-B91A-82B21AFD8BCC}
		{09A7A675-3B06-4EBC-B7C0-4700600B013C} = {09A7A675-3B06-4EBC-B7C0-4700600B013C}
		{EFDAA859-AB29-4A45-A9A5-A538E009E315} = {EFDAA859-AB29-4A45-A9A5-A538E009E315}
		{B0C71758-9661-42B0-9E24-7AA4D4D5DA6F} = {B0C71758-9661-42B0-9E24-7AA4D4D5DA6F}
		{D42C2068-C391-4F93-B757-D7C99D0D0C15} = {D42C2068-C391-4F93-B757-D7C99D0D0C15}
		{FE7F9032-1587-401A-B107-DE70FB7C8A9F} = {FE7F9032-1587-401A-B107-DE70FB7C8A9F}
		{D5285559-CF78-4FCF-96FE-EDE10F3FEF62} = {D5285559-CF78-4FCF-96FE-EDE10F3FEF62}
		{3C800847-246A-445E-AF49-0A15A8BCD469} = {3C800847-246A-445E-AF49-0A15A8BCD469}
		{BF1D00C0-DB22-43C1-B4FB-37C371F02E15} = {BF1D00C0-DB22-43C1-B4FB-37C371F02E15}
		{5AB067B6-915E-4CF1-92BD-B24AFBC50A1B} = {5AB067B6-915E-4CF1-92BD-B24AFBC50A1B}
		{1A0448D6-8E9F-4B7A-A670-2755286F81F4} = {1A0448D6-8E9F-4B7A-A670-2755286F81F4}
		{D63B1826-04B5-4ED3-9B7D-6D4C5D4C93E0} = {D63B1826-04B5-4ED3-9B7D-6D4C5D4C93E0}
		{76628AD5-C340-4B60-8DC4-C185A3B44728} = {76628AD5-C340-4B60-8DC4-C185A3B44728}
		{38C6351C-1BF2-45AD-B578-4F38592CB54A} = {38C6351C-1BF2-45AD-B578-4F38592CB54A}
		{E810BC68-BF5C-4A21-958F-C2C5EA0D35D5} = {E810BC68-BF5C-4A21-958F-C2C5EA0D35D5}
		{D6F82364-FE08-4BA3-81A1-1D07F5C5D0AB} = {D6F82364-FE08-4BA3-81A1-1D07F5C5D0AB}
		{112E3818-9B4F-450F-BE39-EF1082DD488B} = {112E3818-9B4F-450F-BE39-EF1082DD488B}
		{1175CFE2-902C-4CD9-8DA5-847C8969358E} = {1175CFE2-902C-4CD9-8DA5-847C8969358E}
		{3AAB5AA2-CB11-4656-83D3-4641C11BFFC7} = {3AAB5AA2-CB11-4656-83D3-4641C11BFFC7}
		{355045A7-1D80-4306-9701-4197B212F94F} = {355045A7-1D80-4306-9701-4197B212F94F}
		{25D2FD37-410B-45E5-8477-2AE1E8F97ECB} = {25D2FD37-410B-45E5-8477-2AE1E8F97ECB}
		{91D674CF-665B-450C-95FA-E629F9E7FF4E} = {91D674CF-665B-450C-95FA-E629F9E7FF4E}
		{FFFC04A1-5BB6-4B58-A28A-2315AC180C03} = {FFFC04A1-5BB6-4B58-A28A-2315AC180C03}
		{78FB9DF2-2CE2-4E88-A584-8805B105773B} = {78FB9DF2-2CE2-4E88-A584-8805B105773B}
		{DE710BE0-654F-458D-B453-315FD0DC9D92} = {DE710BE0-654F-458D-B453-315FD0DC9D92}
		{EE549FA8-F14B-4865-9325-B393C3CEAC8D} = {EE549FA8-F14B-4865-9325-B393C3CEAC8D}
		{A9825D20-4FD3-419E-9C2D-4CF8877BF6B4} = {A9825D20-4FD3-419E-9C2D-4CF8877BF6B4}
		{8BFCA969-5927-4D13-9EF1-82F4CE182FF8} = {8BFCA969-5927-4D13-9EF1-82F4CE182FF8}
		{CA596FA8-A635-4681-B288-2F81A260A662} = {CA596FA8-A635-4681-B288-2F81A260A662}
		{C87436B4-51AE-4B5C-9A56-E5D2B3DCBC6B} = {C87436B4-51AE-4B5C-9A56-E5D2B3DCBC6B}
		{4B7B0B22-A22C-4597-A15D-8FFE7038CA32} = {4B7B0B22-A22C-4597-A15D-8FFE7038CA32}
		{C194D586-8D69-4682-B3CE-C13EA115899F} = {C194D586-8D69-4682-B3CE-C13EA115899F}
		{C40B59A4-C307-4F64-B0A4-384E28201C73} = {C40B59A4-C307-4F64-B0A4-384E28201C73}
		{A34552DF-0204-4F7B-A75A-69D78E6B0454} = {A34552DF-0204-4F7B-A75A-69D78E6B0454}
		{6F43E262-5C9E-4D1B-AB8A-13964AB69DA3} = {6F43E262-5C9E-4D1B-AB8A-13964AB69DA3}
		{BBE36DB4-0422-456D-AFA6-11E6F26C4F98} = {BBE36DB4-0422-456D-AFA6-11E6F26C4F98}
		{EB63C3E9-F3BA-44D5-A8FF-E7B34430C2AF} = {EB63C3E9-F3BA-44D5-A8FF-E7B34430C2AF}
		{82351D3F-E83C-415A-AC08-65E2848A6022} = {82351D3F-E83C-415A-AC08-65E2848A6022}
		{A318BF34-E8BA-48A4-A79F-9B5B7AE6A6ED} = {A318BF34-E8BA-48A4-A79F-9B5B7AE6A6ED}
		{447D1708-CE21-4482-BE30-3FFE6D9AE52E} = {447D1708-CE21-4482-BE30-3FFE6D9AE52E}
		{8CE161FE-39B7-4578-B79D-1BD36BDFB450} = {8CE161FE-39B7-4578-B79D-1BD36BDFB450}
		{2C6EB99C-3B52-418C-8F27-12A12A651614} = {2C6EB99C-3B52-418C-8F27-12A12A651614}
		{EB7B5C4F-C152-49A9-AC10-39B8FDAAB459} = {EB7B5C4F-C152-49A9-AC10-39B8FDAAB459}
	EndProjectSection
EndProject
Project("{8BC9CEB8-8B4A-11D0-8D11-00A0C91BC942}") = "INSTALL", "INSTALL.vcxproj", "{36D452D7-A1A9-480D-B851-383572DAE787}"
	ProjectSection(ProjectDependencies) = postProject
		{522B5745-AEF3-4C5E-9A25-077B06D4ECEA} = {522B5745-AEF3-4C5E-9A25-077B06D4ECEA}
	EndProjectSection
EndProject
Project("{8BC9CEB8-8B4A-11D0-8D11-00A0C91BC942}") = "RUN_TESTS", "RUN_TESTS.vcxproj", "{6B046AB3-B285-4E87-B57E-FD8EDAD15C2B}"
	ProjectSection(ProjectDependencies) = postProject
	EndProjectSection
EndProject
Project("{8BC9CEB8-8B4A-11D0-8D11-00A0C91BC942}") = "ZERO_CHECK", "ZERO_CHECK.vcxproj", "{980F22A1-DD7C-4B62-A1DD-8D6C6F40237B}"
	ProjectSection(ProjectDependencies) = postProject
	EndProjectSection
EndProject
Project("{8BC9CEB8-8B4A-11D0-8D11-00A0C91BC942}") = "aescrypt2", "programs\aes\aescrypt2.vcxproj", "{187151AE-E2FB-445A-BCC4-6BF7670F453B}"
	ProjectSection(ProjectDependencies) = postProject
		{980F22A1-DD7C-4B62-A1DD-8D6C6F40237B} = {980F22A1-DD7C-4B62-A1DD-8D6C6F40237B}
		{38C6351C-1BF2-45AD-B578-4F38592CB54A} = {38C6351C-1BF2-45AD-B578-4F38592CB54A}
	EndProjectSection
EndProject
Project("{8BC9CEB8-8B4A-11D0-8D11-00A0C91BC942}") = "apidoc", "apidoc.vcxproj", "{BC729891-5557-4901-BD2B-0837F398E152}"
	ProjectSection(ProjectDependencies) = postProject
		{980F22A1-DD7C-4B62-A1DD-8D6C6F40237B} = {980F22A1-DD7C-4B62-A1DD-8D6C6F40237B}
	EndProjectSection
EndProject
Project("{8BC9CEB8-8B4A-11D0-8D11-00A0C91BC942}") = "benchmark", "programs\test\benchmark.vcxproj", "{29333F62-D4AF-4AE6-8E60-337E4D279130}"
	ProjectSection(ProjectDependencies) = postProject
		{980F22A1-DD7C-4B62-A1DD-8D6C6F40237B} = {980F22A1-DD7C-4B62-A1DD-8D6C6F40237B}
		{38C6351C-1BF2-45AD-B578-4F38592CB54A} = {38C6351C-1BF2-45AD-B578-4F38592CB54A}
	EndProjectSection
EndProject
Project("{8BC9CEB8-8B4A-11D0-8D11-00A0C91BC942}") = "cert_app", "programs\x509\cert_app.vcxproj", "{62B67B4E-F015-4BE0-B96A-0EB33AC9672A}"
	ProjectSection(ProjectDependencies) = postProject
		{980F22A1-DD7C-4B62-A1DD-8D6C6F40237B} = {980F22A1-DD7C-4B62-A1DD-8D6C6F40237B}
		{38C6351C-1BF2-45AD-B578-4F38592CB54A} = {38C6351C-1BF2-45AD-B578-4F38592CB54A}
	EndProjectSection
EndProject
Project("{8BC9CEB8-8B4A-11D0-8D11-00A0C91BC942}") = "cert_req", "programs\x509\cert_req.vcxproj", "{AB40AD48-5E0D-40E0-A865-7019027E9581}"
	ProjectSection(ProjectDependencies) = postProject
		{980F22A1-DD7C-4B62-A1DD-8D6C6F40237B} = {980F22A1-DD7C-4B62-A1DD-8D6C6F40237B}
		{38C6351C-1BF2-45AD-B578-4F38592CB54A} = {38C6351C-1BF2-45AD-B578-4F38592CB54A}
	EndProjectSection
EndProject
Project("{8BC9CEB8-8B4A-11D0-8D11-00A0C91BC942}") = "cert_write", "programs\x509\cert_write.vcxproj", "{B23E7A92-5BA8-493F-8C92-7950BA7B6A77}"
	ProjectSection(ProjectDependencies) = postProject
		{980F22A1-DD7C-4B62-A1DD-8D6C6F40237B} = {980F22A1-DD7C-4B62-A1DD-8D6C6F40237B}
		{38C6351C-1BF2-45AD-B578-4F38592CB54A} = {38C6351C-1BF2-45AD-B578-4F38592CB54A}
	EndProjectSection
EndProject
Project("{8BC9CEB8-8B4A-11D0-8D11-00A0C91BC942}") = "covtest", "covtest.vcxproj", "{0C19CBB9-674A-4818-BE80-C5896E98FA87}"
	ProjectSection(ProjectDependencies) = postProject
		{980F22A1-DD7C-4B62-A1DD-8D6C6F40237B} = {980F22A1-DD7C-4B62-A1DD-8D6C6F40237B}
	EndProjectSection
EndProject
Project("{8BC9CEB8-8B4A-11D0-8D11-00A0C91BC942}") = "crl_app", "programs\x509\crl_app.vcxproj", "{F5D01DF0-9F6C-4135-B273-D6C4CCFBA6A8}"
	ProjectSection(ProjectDependencies) = postProject
		{980F22A1-DD7C-4B62-A1DD-8D6C6F40237B} = {980F22A1-DD7C-4B62-A1DD-8D6C6F40237B}
		{38C6351C-1BF2-45AD-B578-4F38592CB54A} = {38C6351C-1BF2-45AD-B578-4F38592CB54A}
	EndProjectSection
EndProject
Project("{8BC9CEB8-8B4A-11D0-8D11-00A0C91BC942}") = "crypt_and_hash", "programs\aes\crypt_and_hash.vcxproj", "{6E3236A5-E91F-40CE-B91A-82B21AFD8BCC}"
	ProjectSection(ProjectDependencies) = postProject
		{980F22A1-DD7C-4B62-A1DD-8D6C6F40237B} = {980F22A1-DD7C-4B62-A1DD-8D6C6F40237B}
		{38C6351C-1BF2-45AD-B578-4F38592CB54A} = {38C6351C-1BF2-45AD-B578-4F38592CB54A}
	EndProjectSection
EndProject
Project("{8BC9CEB8-8B4A-11D0-8D11-00A0C91BC942}") = "dh_client", "programs\pkey\dh_client.vcxproj", "{09A7A675-3B06-4EBC-B7C0-4700600B013C}"
	ProjectSection(ProjectDependencies) = postProject
		{980F22A1-DD7C-4B62-A1DD-8D6C6F40237B} = {980F22A1-DD7C-4B62-A1DD-8D6C6F40237B}
		{38C6351C-1BF2-45AD-B578-4F38592CB54A} = {38C6351C-1BF2-45AD-B578-4F38592CB54A}
	EndProjectSection
EndProject
Project("{8BC9CEB8-8B4A-11D0-8D11-00A0C91BC942}") = "dh_genprime", "programs\pkey\dh_genprime.vcxproj", "{EFDAA859-AB29-4A45-A9A5-A538E009E315}"
	ProjectSection(ProjectDependencies) = postProject
		{980F22A1-DD7C-4B62-A1DD-8D6C6F40237B} = {980F22A1-DD7C-4B62-A1DD-8D6C6F40237B}
		{38C6351C-1BF2-45AD-B578-4F38592CB54A} = {38C6351C-1BF2-45AD-B578-4F38592CB54A}
	EndProjectSection
EndProject
Project("{8BC9CEB8-8B4A-11D0-8D11-00A0C91BC942}") = "dh_server", "programs\pkey\dh_server.vcxproj", "{B0C71758-9661-42B0-9E24-7AA4D4D5DA6F}"
	ProjectSection(ProjectDependencies) = postProject
		{980F22A1-DD7C-4B62-A1DD-8D6C6F40237B} = {980F22A1-DD7C-4B62-A1DD-8D6C6F40237B}
		{38C6351C-1BF2-45AD-B578-4F38592CB54A} = {38C6351C-1BF2-45AD-B578-4F38592CB54A}
	EndProjectSection
EndProject
Project("{8BC9CEB8-8B4A-11D0-8D11-00A0C91BC942}") = "ecdsa", "programs\pkey\ecdsa.vcxproj", "{D42C2068-C391-4F93-B757-D7C99D0D0C15}"
	ProjectSection(ProjectDependencies) = postProject
		{980F22A1-DD7C-4B62-A1DD-8D6C6F40237B} = {980F22A1-DD7C-4B62-A1DD-8D6C6F40237B}
		{38C6351C-1BF2-45AD-B578-4F38592CB54A} = {38C6351C-1BF2-45AD-B578-4F38592CB54A}
	EndProjectSection
EndProject
Project("{8BC9CEB8-8B4A-11D0-8D11-00A0C91BC942}") = "gen_entropy", "programs\random\gen_entropy.vcxproj", "{FE7F9032-1587-401A-B107-DE70FB7C8A9F}"
	ProjectSection(ProjectDependencies) = postProject
		{980F22A1-DD7C-4B62-A1DD-8D6C6F40237B} = {980F22A1-DD7C-4B62-A1DD-8D6C6F40237B}
		{38C6351C-1BF2-45AD-B578-4F38592CB54A} = {38C6351C-1BF2-45AD-B578-4F38592CB54A}
	EndProjectSection
EndProject
Project("{8BC9CEB8-8B4A-11D0-8D11-00A0C91BC942}") = "gen_key", "programs\pkey\gen_key.vcxproj", "{D5285559-CF78-4FCF-96FE-EDE10F3FEF62}"
	ProjectSection(ProjectDependencies) = postProject
		{980F22A1-DD7C-4B62-A1DD-8D6C6F40237B} = {980F22A1-DD7C-4B62-A1DD-8D6C6F40237B}
		{38C6351C-1BF2-45AD-B578-4F38592CB54A} = {38C6351C-1BF2-45AD-B578-4F38592CB54A}
	EndProjectSection
EndProject
Project("{8BC9CEB8-8B4A-11D0-8D11-00A0C91BC942}") = "gen_random_ctr_drbg", "programs\random\gen_random_ctr_drbg.vcxproj", "{3C800847-246A-445E-AF49-0A15A8BCD469}"
	ProjectSection(ProjectDependencies) = postProject
		{980F22A1-DD7C-4B62-A1DD-8D6C6F40237B} = {980F22A1-DD7C-4B62-A1DD-8D6C6F40237B}
		{38C6351C-1BF2-45AD-B578-4F38592CB54A} = {38C6351C-1BF2-45AD-B578-4F38592CB54A}
	EndProjectSection
EndProject
Project("{8BC9CEB8-8B4A-11D0-8D11-00A0C91BC942}") = "gen_random_havege", "programs\random\gen_random_havege.vcxproj", "{BF1D00C0-DB22-43C1-B4FB-37C371F02E15}"
	ProjectSection(ProjectDependencies) = postProject
		{980F22A1-DD7C-4B62-A1DD-8D6C6F40237B} = {980F22A1-DD7C-4B62-A1DD-8D6C6F40237B}
		{38C6351C-1BF2-45AD-B578-4F38592CB54A} = {38C6351C-1BF2-45AD-B578-4F38592CB54A}
	EndProjectSection
EndProject
Project("{8BC9CEB8-8B4A-11D0-8D11-00A0C91BC942}") = "generic_sum", "programs\hash\generic_sum.vcxproj", "{5AB067B6-915E-4CF1-92BD-B24AFBC50A1B}"
	ProjectSection(ProjectDependencies) = postProject
		{980F22A1-DD7C-4B62-A1DD-8D6C6F40237B} = {980F22A1-DD7C-4B62-A1DD-8D6C6F40237B}
		{38C6351C-1BF2-45AD-B578-4F38592CB54A} = {38C6351C-1BF2-45AD-B578-4F38592CB54A}
	EndProjectSection
EndProject
Project("{8BC9CEB8-8B4A-11D0-8D11-00A0C91BC942}") = "hello", "programs\hash\hello.vcxproj", "{1A0448D6-8E9F-4B7A-A670-2755286F81F4}"
	ProjectSection(ProjectDependencies) = postProject
		{980F22A1-DD7C-4B62-A1DD-8D6C6F40237B} = {980F22A1-DD7C-4B62-A1DD-8D6C6F40237B}
		{38C6351C-1BF2-45AD-B578-4F38592CB54A} = {38C6351C-1BF2-45AD-B578-4F38592CB54A}
	EndProjectSection
EndProject
Project("{8BC9CEB8-8B4A-11D0-8D11-00A0C91BC942}") = "key_app", "programs\pkey\key_app.vcxproj", "{D63B1826-04B5-4ED3-9B7D-6D4C5D4C93E0}"
	ProjectSection(ProjectDependencies) = postProject
		{980F22A1-DD7C-4B62-A1DD-8D6C6F40237B} = {980F22A1-DD7C-4B62-A1DD-8D6C6F40237B}
		{38C6351C-1BF2-45AD-B578-4F38592CB54A} = {38C6351C-1BF2-45AD-B578-4F38592CB54A}
	EndProjectSection
EndProject
Project("{8BC9CEB8-8B4A-11D0-8D11-00A0C91BC942}") = "key_app_writer", "programs\pkey\key_app_writer.vcxproj", "{76628AD5-C340-4B60-8DC4-C185A3B44728}"
	ProjectSection(ProjectDependencies) = postProject
		{980F22A1-DD7C-4B62-A1DD-8D6C6F40237B} = {980F22A1-DD7C-4B62-A1DD-8D6C6F40237B}
		{38C6351C-1BF2-45AD-B578-4F38592CB54A} = {38C6351C-1BF2-45AD-B578-4F38592CB54A}
	EndProjectSection
EndProject
Project("{8BC9CEB8-8B4A-11D0-8D11-00A0C91BC942}") = "lcov", "lcov.vcxproj", "{8072793E-991B-4CE1-926C-27DCD1A7E8B2}"
	ProjectSection(ProjectDependencies) = postProject
		{980F22A1-DD7C-4B62-A1DD-8D6C6F40237B} = {980F22A1-DD7C-4B62-A1DD-8D6C6F40237B}
	EndProjectSection
EndProject
Project("{8BC9CEB8-8B4A-11D0-8D11-00A0C91BC942}") = "mbedtls", "library\mbedtls.vcxproj", "{38C6351C-1BF2-45AD-B578-4F38592CB54A}"
	ProjectSection(ProjectDependencies) = postProject
		{980F22A1-DD7C-4B62-A1DD-8D6C6F40237B} = {980F22A1-DD7C-4B62-A1DD-8D6C6F40237B}
	EndProjectSection
EndProject
Project("{8BC9CEB8-8B4A-11D0-8D11-00A0C91BC942}") = "md5sum", "programs\hash\md5sum.vcxproj", "{E810BC68-BF5C-4A21-958F-C2C5EA0D35D5}"
	ProjectSection(ProjectDependencies) = postProject
		{980F22A1-DD7C-4B62-A1DD-8D6C6F40237B} = {980F22A1-DD7C-4B62-A1DD-8D6C6F40237B}
		{38C6351C-1BF2-45AD-B578-4F38592CB54A} = {38C6351C-1BF2-45AD-B578-4F38592CB54A}
	EndProjectSection
EndProject
Project("{8BC9CEB8-8B4A-11D0-8D11-00A0C91BC942}") = "memcheck", "memcheck.vcxproj", "{495BAFEA-0037-4C5A-84D3-78B6718877F3}"
	ProjectSection(ProjectDependencies) = postProject
		{980F22A1-DD7C-4B62-A1DD-8D6C6F40237B} = {980F22A1-DD7C-4B62-A1DD-8D6C6F40237B}
	EndProjectSection
EndProject
Project("{8BC9CEB8-8B4A-11D0-8D11-00A0C91BC942}") = "mini_client", "programs\ssl\mini_client.vcxproj", "{D6F82364-FE08-4BA3-81A1-1D07F5C5D0AB}"
	ProjectSection(ProjectDependencies) = postProject
		{980F22A1-DD7C-4B62-A1DD-8D6C6F40237B} = {980F22A1-DD7C-4B62-A1DD-8D6C6F40237B}
		{38C6351C-1BF2-45AD-B578-4F38592CB54A} = {38C6351C-1BF2-45AD-B578-4F38592CB54A}
	EndProjectSection
EndProject
Project("{8BC9CEB8-8B4A-11D0-8D11-00A0C91BC942}") = "mpi_demo", "programs\pkey\mpi_demo.vcxproj", "{112E3818-9B4F-450F-BE39-EF1082DD488B}"
	ProjectSection(ProjectDependencies) = postProject
		{980F22A1-DD7C-4B62-A1DD-8D6C6F40237B} = {980F22A1-DD7C-4B62-A1DD-8D6C6F40237B}
		{38C6351C-1BF2-45AD-B578-4F38592CB54A} = {38C6351C-1BF2-45AD-B578-4F38592CB54A}
	EndProjectSection
EndProject
Project("{8BC9CEB8-8B4A-11D0-8D11-00A0C91BC942}") = "pem2der", "programs\util\pem2der.vcxproj", "{1175CFE2-902C-4CD9-8DA5-847C8969358E}"
	ProjectSection(ProjectDependencies) = postProject
		{980F22A1-DD7C-4B62-A1DD-8D6C6F40237B} = {980F22A1-DD7C-4B62-A1DD-8D6C6F40237B}
		{38C6351C-1BF2-45AD-B578-4F38592CB54A} = {38C6351C-1BF2-45AD-B578-4F38592CB54A}
	EndProjectSection
EndProject
Project("{8BC9CEB8-8B4A-11D0-8D11-00A0C91BC942}") = "pk_decrypt", "programs\pkey\pk_decrypt.vcxproj", "{3AAB5AA2-CB11-4656-83D3-4641C11BFFC7}"
	ProjectSection(ProjectDependencies) = postProject
		{980F22A1-DD7C-4B62-A1DD-8D6C6F40237B} = {980F22A1-DD7C-4B62-A1DD-8D6C6F40237B}
		{38C6351C-1BF2-45AD-B578-4F38592CB54A} = {38C6351C-1BF2-45AD-B578-4F38592CB54A}
	EndProjectSection
EndProject
Project("{8BC9CEB8-8B4A-11D0-8D11-00A0C91BC942}") = "pk_encrypt", "programs\pkey\pk_encrypt.vcxproj", "{355045A7-1D80-4306-9701-4197B212F94F}"
	ProjectSection(ProjectDependencies) = postProject
		{980F22A1-DD7C-4B62-A1DD-8D6C6F40237B} = {980F22A1-DD7C-4B62-A1DD-8D6C6F40237B}
		{38C6351C-1BF2-45AD-B578-4F38592CB54A} = {38C6351C-1BF2-45AD-B578-4F38592CB54A}
	EndProjectSection
EndProject
Project("{8BC9CEB8-8B4A-11D0-8D11-00A0C91BC942}") = "pk_sign", "programs\pkey\pk_sign.vcxproj", "{25D2FD37-410B-45E5-8477-2AE1E8F97ECB}"
	ProjectSection(ProjectDependencies) = postProject
		{980F22A1-DD7C-4B62-A1DD-8D6C6F40237B} = {980F22A1-DD7C-4B62-A1DD-8D6C6F40237B}
		{38C6351C-1BF2-45AD-B578-4F38592CB54A} = {38C6351C-1BF2-45AD-B578-4F38592CB54A}
	EndProjectSection
EndProject
Project("{8BC9CEB8-8B4A-11D0-8D11-00A0C91BC942}") = "pk_verify", "programs\pkey\pk_verify.vcxproj", "{91D674CF-665B-450C-95FA-E629F9E7FF4E}"
	ProjectSection(ProjectDependencies) = postProject
		{980F22A1-DD7C-4B62-A1DD-8D6C6F40237B} = {980F22A1-DD7C-4B62-A1DD-8D6C6F40237B}
		{38C6351C-1BF2-45AD-B578-4F38592CB54A} = {38C6351C-1BF2-45AD-B578-4F38592CB54A}
	EndProjectSection
EndProject
Project("{8BC9CEB8-8B4A-11D0-8D11-00A0C91BC942}") = "req_app", "programs\x509\req_app.vcxproj", "{FFFC04A1-5BB6-4B58-A28A-2315AC180C03}"
	ProjectSection(ProjectDependencies) = postProject
		{980F22A1-DD7C-4B62-A1DD-8D6C6F40237B} = {980F22A1-DD7C-4B62-A1DD-8D6C6F40237B}
		{38C6351C-1BF2-45AD-B578-4F38592CB54A} = {38C6351C-1BF2-45AD-B578-4F38592CB54A}
	EndProjectSection
EndProject
Project("{8BC9CEB8-8B4A-11D0-8D11-00A0C91BC942}") = "rsa_decrypt", "programs\pkey\rsa_decrypt.vcxproj", "{78FB9DF2-2CE2-4E88-A584-8805B105773B}"
	ProjectSection(ProjectDependencies) = postProject
		{980F22A1-DD7C-4B62-A1DD-8D6C6F40237B} = {980F22A1-DD7C-4B62-A1DD-8D6C6F40237B}
		{38C6351C-1BF2-45AD-B578-4F38592CB54A} = {38C6351C-1BF2-45AD-B578-4F38592CB54A}
	EndProjectSection
EndProject
Project("{8BC9CEB8-8B4A-11D0-8D11-00A0C91BC942}") = "rsa_encrypt", "programs\pkey\rsa_encrypt.vcxproj", "{DE710BE0-654F-458D-B453-315FD0DC9D92}"
	ProjectSection(ProjectDependencies) = postProject
		{980F22A1-DD7C-4B62-A1DD-8D6C6F40237B} = {980F22A1-DD7C-4B62-A1DD-8D6C6F40237B}
		{38C6351C-1BF2-45AD-B578-4F38592CB54A} = {38C6351C-1BF2-45AD-B578-4F38592CB54A}
	EndProjectSection
EndProject
Project("{8BC9CEB8-8B4A-11D0-8D11-00A0C91BC942}") = "rsa_genkey", "programs\pkey\rsa_genkey.vcxproj", "{EE549FA8-F14B-4865-9325-B393C3CEAC8D}"
	ProjectSection(ProjectDependencies) = postProject
		{980F22A1-DD7C-4B62-A1DD-8D6C6F40237B} = {980F22A1-DD7C-4B62-A1DD-8D6C6F40237B}
		{38C6351C-1BF2-45AD-B578-4F38592CB54A} = {38C6351C-1BF2-45AD-B578-4F38592CB54A}
	EndProjectSection
EndProject
Project("{8BC9CEB8-8B4A-11D0-8D11-00A0C91BC942}") = "rsa_sign", "programs\pkey\rsa_sign.vcxproj", "{A9825D20-4FD3-419E-9C2D-4CF8877BF6B4}"
	ProjectSection(ProjectDependencies) = postProject
		{980F22A1-DD7C-4B62-A1DD-8D6C6F40237B} = {980F22A1-DD7C-4B62-A1DD-8D6C6F40237B}
		{38C6351C-1BF2-45AD-B578-4F38592CB54A} = {38C6351C-1BF2-45AD-B578-4F38592CB54A}
	EndProjectSection
EndProject
Project("{8BC9CEB8-8B4A-11D0-8D11-00A0C91BC942}") = "rsa_sign_pss", "programs\pkey\rsa_sign_pss.vcxproj", "{8BFCA969-5927-4D13-9EF1-82F4CE182FF8}"
	ProjectSection(ProjectDependencies) = postProject
		{980F22A1-DD7C-4B62-A1DD-8D6C6F40237B} = {980F22A1-DD7C-4B62-A1DD-8D6C6F40237B}
		{38C6351C-1BF2-45AD-B578-4F38592CB54A} = {38C6351C-1BF2-45AD-B578-4F38592CB54A}
	EndProjectSection
EndProject
Project("{8BC9CEB8-8B4A-11D0-8D11-00A0C91BC942}") = "rsa_verify", "programs\pkey\rsa_verify.vcxproj", "{CA596FA8-A635-4681-B288-2F81A260A662}"
	ProjectSection(ProjectDependencies) = postProject
		{980F22A1-DD7C-4B62-A1DD-8D6C6F40237B} = {980F22A1-DD7C-4B62-A1DD-8D6C6F40237B}
		{38C6351C-1BF2-45AD-B578-4F38592CB54A} = {38C6351C-1BF2-45AD-B578-4F38592CB54A}
	EndProjectSection
EndProject
Project("{8BC9CEB8-8B4A-11D0-8D11-00A0C91BC942}") = "rsa_verify_pss", "programs\pkey\rsa_verify_pss.vcxproj", "{C87436B4-51AE-4B5C-9A56-E5D2B3DCBC6B}"
	ProjectSection(ProjectDependencies) = postProject
		{980F22A1-DD7C-4B62-A1DD-8D6C6F40237B} = {980F22A1-DD7C-4B62-A1DD-8D6C6F40237B}
		{38C6351C-1BF2-45AD-B578-4F38592CB54A} = {38C6351C-1BF2-45AD-B578-4F38592CB54A}
	EndProjectSection
EndProject
Project("{8BC9CEB8-8B4A-11D0-8D11-00A0C91BC942}") = "selftest", "programs\test\selftest.vcxproj", "{4B7B0B22-A22C-4597-A15D-8FFE7038CA32}"
	ProjectSection(ProjectDependencies) = postProject
		{980F22A1-DD7C-4B62-A1DD-8D6C6F40237B} = {980F22A1-DD7C-4B62-A1DD-8D6C6F40237B}
		{38C6351C-1BF2-45AD-B578-4F38592CB54A} = {38C6351C-1BF2-45AD-B578-4F38592CB54A}
	EndProjectSection
EndProject
Project("{8BC9CEB8-8B4A-11D0-8D11-00A0C91BC942}") = "sha1sum", "programs\hash\sha1sum.vcxproj", "{C194D586-8D69-4682-B3CE-C13EA115899F}"
	ProjectSection(ProjectDependencies) = postProject
		{980F22A1-DD7C-4B62-A1DD-8D6C6F40237B} = {980F22A1-DD7C-4B62-A1DD-8D6C6F40237B}
		{38C6351C-1BF2-45AD-B578-4F38592CB54A} = {38C6351C-1BF2-45AD-B578-4F38592CB54A}
	EndProjectSection
EndProject
Project("{8BC9CEB8-8B4A-11D0-8D11-00A0C91BC942}") = "sha2sum", "programs\hash\sha2sum.vcxproj", "{C40B59A4-C307-4F64-B0A4-384E28201C73}"
	ProjectSection(ProjectDependencies) = postProject
		{980F22A1-DD7C-4B62-A1DD-8D6C6F40237B} = {980F22A1-DD7C-4B62-A1DD-8D6C6F40237B}
		{38C6351C-1BF2-45AD-B578-4F38592CB54A} = {38C6351C-1BF2-45AD-B578-4F38592CB54A}
	EndProjectSection
EndProject
Project("{8BC9CEB8-8B4A-11D0-8D11-00A0C91BC942}") = "ssl_cert_test", "programs\test\ssl_cert_test.vcxproj", "{A34552DF-0204-4F7B-A75A-69D78E6B0454}"
	ProjectSection(ProjectDependencies) = postProject
		{980F22A1-DD7C-4B62-A1DD-8D6C6F40237B} = {980F22A1-DD7C-4B62-A1DD-8D6C6F40237B}
		{38C6351C-1BF2-45AD-B578-4F38592CB54A} = {38C6351C-1BF2-45AD-B578-4F38592CB54A}
	EndProjectSection
EndProject
Project("{8BC9CEB8-8B4A-11D0-8D11-00A0C91BC942}") = "ssl_client1", "programs\ssl\ssl_client1.vcxproj", "{6F43E262-5C9E-4D1B-AB8A-13964AB69DA3}"
	ProjectSection(ProjectDependencies) = postProject
		{980F22A1-DD7C-4B62-A1DD-8D6C6F40237B} = {980F22A1-DD7C-4B62-A1DD-8D6C6F40237B}
		{38C6351C-1BF2-45AD-B578-4F38592CB54A} = {38C6351C-1BF2-45AD-B578-4F38592CB54A}
	EndProjectSection
EndProject
Project("{8BC9CEB8-8B4A-11D0-8D11-00A0C91BC942}") = "ssl_client2", "programs\ssl\ssl_client2.vcxproj", "{BBE36DB4-0422-456D-AFA6-11E6F26C4F98}"
	ProjectSection(ProjectDependencies) = postProject
		{980F22A1-DD7C-4B62-A1DD-8D6C6F40237B} = {980F22A1-DD7C-4B62-A1DD-8D6C6F40237B}
		{38C6351C-1BF2-45AD-B578-4F38592CB54A} = {38C6351C-1BF2-45AD-B578-4F38592CB54A}
	EndProjectSection
EndProject
Project("{8BC9CEB8-8B4A-11D0-8D11-00A0C91BC942}") = "ssl_fork_server", "programs\ssl\ssl_fork_server.vcxproj", "{EB63C3E9-F3BA-44D5-A8FF-E7B34430C2AF}"
	ProjectSection(ProjectDependencies) = postProject
		{980F22A1-DD7C-4B62-A1DD-8D6C6F40237B} = {980F22A1-DD7C-4B62-A1DD-8D6C6F40237B}
		{38C6351C-1BF2-45AD-B578-4F38592CB54A} = {38C6351C-1BF2-45AD-B578-4F38592CB54A}
	EndProjectSection
EndProject
Project("{8BC9CEB8-8B4A-11D0-8D11-00A0C91BC942}") = "ssl_mail_client", "programs\ssl\ssl_mail_client.vcxproj", "{82351D3F-E83C-415A-AC08-65E2848A6022}"
	ProjectSection(ProjectDependencies) = postProject
		{980F22A1-DD7C-4B62-A1DD-8D6C6F40237B} = {980F22A1-DD7C-4B62-A1DD-8D6C6F40237B}
		{38C6351C-1BF2-45AD-B578-4F38592CB54A} = {38C6351C-1BF2-45AD-B578-4F38592CB54A}
	EndProjectSection
EndProject
Project("{8BC9CEB8-8B4A-11D0-8D11-00A0C91BC942}") = "ssl_pthread_server", "programs\ssl\ssl_pthread_server.vcxproj", "{A318BF34-E8BA-48A4-A79F-9B5B7AE6A6ED}"
	ProjectSection(ProjectDependencies) = postProject
		{980F22A1-DD7C-4B62-A1DD-8D6C6F40237B} = {980F22A1-DD7C-4B62-A1DD-8D6C6F40237B}
		{38C6351C-1BF2-45AD-B578-4F38592CB54A} = {38C6351C-1BF2-45AD-B578-4F38592CB54A}
	EndProjectSection
EndProject
Project("{8BC9CEB8-8B4A-11D0-8D11-00A0C91BC942}") = "ssl_server", "programs\ssl\ssl_server.vcxproj", "{447D1708-CE21-4482-BE30-3FFE6D9AE52E}"
	ProjectSection(ProjectDependencies) = postProject
		{980F22A1-DD7C-4B62-A1DD-8D6C6F40237B} = {980F22A1-DD7C-4B62-A1DD-8D6C6F40237B}
		{38C6351C-1BF2-45AD-B578-4F38592CB54A} = {38C6351C-1BF2-45AD-B578-4F38592CB54A}
	EndProjectSection
EndProject
Project("{8BC9CEB8-8B4A-11D0-8D11-00A0C91BC942}") = "ssl_server2", "programs\ssl\ssl_server2.vcxproj", "{8CE161FE-39B7-4578-B79D-1BD36BDFB450}"
	ProjectSection(ProjectDependencies) = postProject
		{980F22A1-DD7C-4B62-A1DD-8D6C6F40237B} = {980F22A1-DD7C-4B62-A1DD-8D6C6F40237B}
		{38C6351C-1BF2-45AD-B578-4F38592CB54A} = {38C6351C-1BF2-45AD-B578-4F38592CB54A}
	EndProjectSection
EndProject
Project("{8BC9CEB8-8B4A-11D0-8D11-00A0C91BC942}") = "ssl_test", "programs\test\ssl_test.vcxproj", "{2C6EB99C-3B52-418C-8F27-12A12A651614}"
	ProjectSection(ProjectDependencies) = postProject
		{980F22A1-DD7C-4B62-A1DD-8D6C6F40237B} = {980F22A1-DD7C-4B62-A1DD-8D6C6F40237B}
		{38C6351C-1BF2-45AD-B578-4F38592CB54A} = {38C6351C-1BF2-45AD-B578-4F38592CB54A}
	EndProjectSection
EndProject
Project("{8BC9CEB8-8B4A-11D0-8D11-00A0C91BC942}") = "strerror", "programs\util\strerror.vcxproj", "{EB7B5C4F-C152-49A9-AC10-39B8FDAAB459}"
	ProjectSection(ProjectDependencies) = postProject
		{980F22A1-DD7C-4B62-A1DD-8D6C6F40237B} = {980F22A1-DD7C-4B62-A1DD-8D6C6F40237B}
		{38C6351C-1BF2-45AD-B578-4F38592CB54A} = {38C6351C-1BF2-45AD-B578-4F38592CB54A}
	EndProjectSection
EndProject
Project("{8BC9CEB8-8B4A-11D0-8D11-00A0C91BC942}") = "test-ref-config", "test-ref-config.vcxproj", "{2657969F-3B8A-4CF9-AF59-DDDA5340B895}"
	ProjectSection(ProjectDependencies) = postProject
		{980F22A1-DD7C-4B62-A1DD-8D6C6F40237B} = {980F22A1-DD7C-4B62-A1DD-8D6C6F40237B}
	EndProjectSection
EndProject
Global
	GlobalSection(SolutionConfigurationPlatforms) = preSolution
		Debug|Win32 = Debug|Win32
		Release|Win32 = Release|Win32
		MinSizeRel|Win32 = MinSizeRel|Win32
		RelWithDebInfo|Win32 = RelWithDebInfo|Win32
	EndGlobalSection
	GlobalSection(ProjectConfigurationPlatforms) = postSolution
		{522B5745-AEF3-4C5E-9A25-077B06D4ECEA}.Debug|Win32.ActiveCfg = Debug|Win32
		{522B5745-AEF3-4C5E-9A25-077B06D4ECEA}.Debug|Win32.Build.0 = Debug|Win32
		{522B5745-AEF3-4C5E-9A25-077B06D4ECEA}.Release|Win32.ActiveCfg = Release|Win32
		{522B5745-AEF3-4C5E-9A25-077B06D4ECEA}.Release|Win32.Build.0 = Release|Win32
		{522B5745-AEF3-4C5E-9A25-077B06D4ECEA}.MinSizeRel|Win32.ActiveCfg = MinSizeRel|Win32
		{522B5745-AEF3-4C5E-9A25-077B06D4ECEA}.MinSizeRel|Win32.Build.0 = MinSizeRel|Win32
		{522B5745-AEF3-4C5E-9A25-077B06D4ECEA}.RelWithDebInfo|Win32.ActiveCfg = RelWithDebInfo|Win32
		{522B5745-AEF3-4C5E-9A25-077B06D4ECEA}.RelWithDebInfo|Win32.Build.0 = RelWithDebInfo|Win32
		{36D452D7-A1A9-480D-B851-383572DAE787}.Debug|Win32.ActiveCfg = Debug|Win32
		{36D452D7-A1A9-480D-B851-383572DAE787}.Release|Win32.ActiveCfg = Release|Win32
		{36D452D7-A1A9-480D-B851-383572DAE787}.MinSizeRel|Win32.ActiveCfg = MinSizeRel|Win32
		{36D452D7-A1A9-480D-B851-383572DAE787}.RelWithDebInfo|Win32.ActiveCfg = RelWithDebInfo|Win32
		{6B046AB3-B285-4E87-B57E-FD8EDAD15C2B}.Debug|Win32.ActiveCfg = Debug|Win32
		{6B046AB3-B285-4E87-B57E-FD8EDAD15C2B}.Release|Win32.ActiveCfg = Release|Win32
		{6B046AB3-B285-4E87-B57E-FD8EDAD15C2B}.MinSizeRel|Win32.ActiveCfg = MinSizeRel|Win32
		{6B046AB3-B285-4E87-B57E-FD8EDAD15C2B}.RelWithDebInfo|Win32.ActiveCfg = RelWithDebInfo|Win32
		{980F22A1-DD7C-4B62-A1DD-8D6C6F40237B}.Debug|Win32.ActiveCfg = Debug|Win32
		{980F22A1-DD7C-4B62-A1DD-8D6C6F40237B}.Debug|Win32.Build.0 = Debug|Win32
		{980F22A1-DD7C-4B62-A1DD-8D6C6F40237B}.Release|Win32.ActiveCfg = Release|Win32
		{980F22A1-DD7C-4B62-A1DD-8D6C6F40237B}.Release|Win32.Build.0 = Release|Win32
		{980F22A1-DD7C-4B62-A1DD-8D6C6F40237B}.MinSizeRel|Win32.ActiveCfg = MinSizeRel|Win32
		{980F22A1-DD7C-4B62-A1DD-8D6C6F40237B}.MinSizeRel|Win32.Build.0 = MinSizeRel|Win32
		{980F22A1-DD7C-4B62-A1DD-8D6C6F40237B}.RelWithDebInfo|Win32.ActiveCfg = RelWithDebInfo|Win32
		{980F22A1-DD7C-4B62-A1DD-8D6C6F40237B}.RelWithDebInfo|Win32.Build.0 = RelWithDebInfo|Win32
		{187151AE-E2FB-445A-BCC4-6BF7670F453B}.Debug|Win32.ActiveCfg = Debug|Win32
		{187151AE-E2FB-445A-BCC4-6BF7670F453B}.Debug|Win32.Build.0 = Debug|Win32
		{187151AE-E2FB-445A-BCC4-6BF7670F453B}.Release|Win32.ActiveCfg = Release|Win32
		{187151AE-E2FB-445A-BCC4-6BF7670F453B}.Release|Win32.Build.0 = Release|Win32
		{187151AE-E2FB-445A-BCC4-6BF7670F453B}.MinSizeRel|Win32.ActiveCfg = MinSizeRel|Win32
		{187151AE-E2FB-445A-BCC4-6BF7670F453B}.MinSizeRel|Win32.Build.0 = MinSizeRel|Win32
		{187151AE-E2FB-445A-BCC4-6BF7670F453B}.RelWithDebInfo|Win32.ActiveCfg = RelWithDebInfo|Win32
		{187151AE-E2FB-445A-BCC4-6BF7670F453B}.RelWithDebInfo|Win32.Build.0 = RelWithDebInfo|Win32
		{BC729891-5557-4901-BD2B-0837F398E152}.Debug|Win32.ActiveCfg = Debug|Win32
		{BC729891-5557-4901-BD2B-0837F398E152}.Release|Win32.ActiveCfg = Release|Win32
		{BC729891-5557-4901-BD2B-0837F398E152}.MinSizeRel|Win32.ActiveCfg = MinSizeRel|Win32
		{BC729891-5557-4901-BD2B-0837F398E152}.RelWithDebInfo|Win32.ActiveCfg = RelWithDebInfo|Win32
		{29333F62-D4AF-4AE6-8E60-337E4D279130}.Debug|Win32.ActiveCfg = Debug|Win32
		{29333F62-D4AF-4AE6-8E60-337E4D279130}.Debug|Win32.Build.0 = Debug|Win32
		{29333F62-D4AF-4AE6-8E60-337E4D279130}.Release|Win32.ActiveCfg = Release|Win32
		{29333F62-D4AF-4AE6-8E60-337E4D279130}.Release|Win32.Build.0 = Release|Win32
		{29333F62-D4AF-4AE6-8E60-337E4D279130}.MinSizeRel|Win32.ActiveCfg = MinSizeRel|Win32
		{29333F62-D4AF-4AE6-8E60-337E4D279130}.MinSizeRel|Win32.Build.0 = MinSizeRel|Win32
		{29333F62-D4AF-4AE6-8E60-337E4D279130}.RelWithDebInfo|Win32.ActiveCfg = RelWithDebInfo|Win32
		{29333F62-D4AF-4AE6-8E60-337E4D279130}.RelWithDebInfo|Win32.Build.0 = RelWithDebInfo|Win32
		{62B67B4E-F015-4BE0-B96A-0EB33AC9672A}.Debug|Win32.ActiveCfg = Debug|Win32
		{62B67B4E-F015-4BE0-B96A-0EB33AC9672A}.Debug|Win32.Build.0 = Debug|Win32
		{62B67B4E-F015-4BE0-B96A-0EB33AC9672A}.Release|Win32.ActiveCfg = Release|Win32
		{62B67B4E-F015-4BE0-B96A-0EB33AC9672A}.Release|Win32.Build.0 = Release|Win32
		{62B67B4E-F015-4BE0-B96A-0EB33AC9672A}.MinSizeRel|Win32.ActiveCfg = MinSizeRel|Win32
		{62B67B4E-F015-4BE0-B96A-0EB33AC9672A}.MinSizeRel|Win32.Build.0 = MinSizeRel|Win32
		{62B67B4E-F015-4BE0-B96A-0EB33AC9672A}.RelWithDebInfo|Win32.ActiveCfg = RelWithDebInfo|Win32
		{62B67B4E-F015-4BE0-B96A-0EB33AC9672A}.RelWithDebInfo|Win32.Build.0 = RelWithDebInfo|Win32
		{AB40AD48-5E0D-40E0-A865-7019027E9581}.Debug|Win32.ActiveCfg = Debug|Win32
		{AB40AD48-5E0D-40E0-A865-7019027E9581}.Debug|Win32.Build.0 = Debug|Win32
		{AB40AD48-5E0D-40E0-A865-7019027E9581}.Release|Win32.ActiveCfg = Release|Win32
		{AB40AD48-5E0D-40E0-A865-7019027E9581}.Release|Win32.Build.0 = Release|Win32
		{AB40AD48-5E0D-40E0-A865-7019027E9581}.MinSizeRel|Win32.ActiveCfg = MinSizeRel|Win32
		{AB40AD48-5E0D-40E0-A865-7019027E9581}.MinSizeRel|Win32.Build.0 = MinSizeRel|Win32
		{AB40AD48-5E0D-40E0-A865-7019027E9581}.RelWithDebInfo|Win32.ActiveCfg = RelWithDebInfo|Win32
		{AB40AD48-5E0D-40E0-A865-7019027E9581}.RelWithDebInfo|Win32.Build.0 = RelWithDebInfo|Win32
		{B23E7A92-5BA8-493F-8C92-7950BA7B6A77}.Debug|Win32.ActiveCfg = Debug|Win32
		{B23E7A92-5BA8-493F-8C92-7950BA7B6A77}.Debug|Win32.Build.0 = Debug|Win32
		{B23E7A92-5BA8-493F-8C92-7950BA7B6A77}.Release|Win32.ActiveCfg = Release|Win32
		{B23E7A92-5BA8-493F-8C92-7950BA7B6A77}.Release|Win32.Build.0 = Release|Win32
		{B23E7A92-5BA8-493F-8C92-7950BA7B6A77}.MinSizeRel|Win32.ActiveCfg = MinSizeRel|Win32
		{B23E7A92-5BA8-493F-8C92-7950BA7B6A77}.MinSizeRel|Win32.Build.0 = MinSizeRel|Win32
		{B23E7A92-5BA8-493F-8C92-7950BA7B6A77}.RelWithDebInfo|Win32.ActiveCfg = RelWithDebInfo|Win32
		{B23E7A92-5BA8-493F-8C92-7950BA7B6A77}.RelWithDebInfo|Win32.Build.0 = RelWithDebInfo|Win32
		{0C19CBB9-674A-4818-BE80-C5896E98FA87}.Debug|Win32.ActiveCfg = Debug|Win32
		{0C19CBB9-674A-4818-BE80-C5896E98FA87}.Release|Win32.ActiveCfg = Release|Win32
		{0C19CBB9-674A-4818-BE80-C5896E98FA87}.MinSizeRel|Win32.ActiveCfg = MinSizeRel|Win32
		{0C19CBB9-674A-4818-BE80-C5896E98FA87}.RelWithDebInfo|Win32.ActiveCfg = RelWithDebInfo|Win32
		{F5D01DF0-9F6C-4135-B273-D6C4CCFBA6A8}.Debug|Win32.ActiveCfg = Debug|Win32
		{F5D01DF0-9F6C-4135-B273-D6C4CCFBA6A8}.Debug|Win32.Build.0 = Debug|Win32
		{F5D01DF0-9F6C-4135-B273-D6C4CCFBA6A8}.Release|Win32.ActiveCfg = Release|Win32
		{F5D01DF0-9F6C-4135-B273-D6C4CCFBA6A8}.Release|Win32.Build.0 = Release|Win32
		{F5D01DF0-9F6C-4135-B273-D6C4CCFBA6A8}.MinSizeRel|Win32.ActiveCfg = MinSizeRel|Win32
		{F5D01DF0-9F6C-4135-B273-D6C4CCFBA6A8}.MinSizeRel|Win32.Build.0 = MinSizeRel|Win32
		{F5D01DF0-9F6C-4135-B273-D6C4CCFBA6A8}.RelWithDebInfo|Win32.ActiveCfg = RelWithDebInfo|Win32
		{F5D01DF0-9F6C-4135-B273-D6C4CCFBA6A8}.RelWithDebInfo|Win32.Build.0 = RelWithDebInfo|Win32
		{6E3236A5-E91F-40CE-B91A-82B21AFD8BCC}.Debug|Win32.ActiveCfg = Debug|Win32
		{6E3236A5-E91F-40CE-B91A-82B21AFD8BCC}.Debug|Win32.Build.0 = Debug|Win32
		{6E3236A5-E91F-40CE-B91A-82B21AFD8BCC}.Release|Win32.ActiveCfg = Release|Win32
		{6E3236A5-E91F-40CE-B91A-82B21AFD8BCC}.Release|Win32.Build.0 = Release|Win32
		{6E3236A5-E91F-40CE-B91A-82B21AFD8BCC}.MinSizeRel|Win32.ActiveCfg = MinSizeRel|Win32
		{6E3236A5-E91F-40CE-B91A-82B21AFD8BCC}.MinSizeRel|Win32.Build.0 = MinSizeRel|Win32
		{6E3236A5-E91F-40CE-B91A-82B21AFD8BCC}.RelWithDebInfo|Win32.ActiveCfg = RelWithDebInfo|Win32
		{6E3236A5-E91F-40CE-B91A-82B21AFD8BCC}.RelWithDebInfo|Win32.Build.0 = RelWithDebInfo|Win32
		{09A7A675-3B06-4EBC-B7C0-4700600B013C}.Debug|Win32.ActiveCfg = Debug|Win32
		{09A7A675-3B06-4EBC-B7C0-4700600B013C}.Debug|Win32.Build.0 = Debug|Win32
		{09A7A675-3B06-4EBC-B7C0-4700600B013C}.Release|Win32.ActiveCfg = Release|Win32
		{09A7A675-3B06-4EBC-B7C0-4700600B013C}.Release|Win32.Build.0 = Release|Win32
		{09A7A675-3B06-4EBC-B7C0-4700600B013C}.MinSizeRel|Win32.ActiveCfg = MinSizeRel|Win32
		{09A7A675-3B06-4EBC-B7C0-4700600B013C}.MinSizeRel|Win32.Build.0 = MinSizeRel|Win32
		{09A7A675-3B06-4EBC-B7C0-4700600B013C}.RelWithDebInfo|Win32.ActiveCfg = RelWithDebInfo|Win32
		{09A7A675-3B06-4EBC-B7C0-4700600B013C}.RelWithDebInfo|Win32.Build.0 = RelWithDebInfo|Win32
		{EFDAA859-AB29-4A45-A9A5-A538E009E315}.Debug|Win32.ActiveCfg = Debug|Win32
		{EFDAA859-AB29-4A45-A9A5-A538E009E315}.Debug|Win32.Build.0 = Debug|Win32
		{EFDAA859-AB29-4A45-A9A5-A538E009E315}.Release|Win32.ActiveCfg = Release|Win32
		{EFDAA859-AB29-4A45-A9A5-A538E009E315}.Release|Win32.Build.0 = Release|Win32
		{EFDAA859-AB29-4A45-A9A5-A538E009E315}.MinSizeRel|Win32.ActiveCfg = MinSizeRel|Win32
		{EFDAA859-AB29-4A45-A9A5-A538E009E315}.MinSizeRel|Win32.Build.0 = MinSizeRel|Win32
		{EFDAA859-AB29-4A45-A9A5-A538E009E315}.RelWithDebInfo|Win32.ActiveCfg = RelWithDebInfo|Win32
		{EFDAA859-AB29-4A45-A9A5-A538E009E315}.RelWithDebInfo|Win32.Build.0 = RelWithDebInfo|Win32
		{B0C71758-9661-42B0-9E24-7AA4D4D5DA6F}.Debug|Win32.ActiveCfg = Debug|Win32
		{B0C71758-9661-42B0-9E24-7AA4D4D5DA6F}.Debug|Win32.Build.0 = Debug|Win32
		{B0C71758-9661-42B0-9E24-7AA4D4D5DA6F}.Release|Win32.ActiveCfg = Release|Win32
		{B0C71758-9661-42B0-9E24-7AA4D4D5DA6F}.Release|Win32.Build.0 = Release|Win32
		{B0C71758-9661-42B0-9E24-7AA4D4D5DA6F}.MinSizeRel|Win32.ActiveCfg = MinSizeRel|Win32
		{B0C71758-9661-42B0-9E24-7AA4D4D5DA6F}.MinSizeRel|Win32.Build.0 = MinSizeRel|Win32
		{B0C71758-9661-42B0-9E24-7AA4D4D5DA6F}.RelWithDebInfo|Win32.ActiveCfg = RelWithDebInfo|Win32
		{B0C71758-9661-42B0-9E24-7AA4D4D5DA6F}.RelWithDebInfo|Win32.Build.0 = RelWithDebInfo|Win32
		{D42C2068-C391-4F93-B757-D7C99D0D0C15}.Debug|Win32.ActiveCfg = Debug|Win32
		{D42C2068-C391-4F93-B757-D7C99D0D0C15}.Debug|Win32.Build.0 = Debug|Win32
		{D42C2068-C391-4F93-B757-D7C99D0D0C15}.Release|Win32.ActiveCfg = Release|Win32
		{D42C2068-C391-4F93-B757-D7C99D0D0C15}.Release|Win32.Build.0 = Release|Win32
		{D42C2068-C391-4F93-B757-D7C99D0D0C15}.MinSizeRel|Win32.ActiveCfg = MinSizeRel|Win32
		{D42C2068-C391-4F93-B757-D7C99D0D0C15}.MinSizeRel|Win32.Build.0 = MinSizeRel|Win32
		{D42C2068-C391-4F93-B757-D7C99D0D0C15}.RelWithDebInfo|Win32.ActiveCfg = RelWithDebInfo|Win32
		{D42C2068-C391-4F93-B757-D7C99D0D0C15}.RelWithDebInfo|Win32.Build.0 = RelWithDebInfo|Win32
		{FE7F9032-1587-401A-B107-DE70FB7C8A9F}.Debug|Win32.ActiveCfg = Debug|Win32
		{FE7F9032-1587-401A-B107-DE70FB7C8A9F}.Debug|Win32.Build.0 = Debug|Win32
		{FE7F9032-1587-401A-B107-DE70FB7C8A9F}.Release|Win32.ActiveCfg = Release|Win32
		{FE7F9032-1587-401A-B107-DE70FB7C8A9F}.Release|Win32.Build.0 = Release|Win32
		{FE7F9032-1587-401A-B107-DE70FB7C8A9F}.MinSizeRel|Win32.ActiveCfg = MinSizeRel|Win32
		{FE7F9032-1587-401A-B107-DE70FB7C8A9F}.MinSizeRel|Win32.Build.0 = MinSizeRel|Win32
		{FE7F9032-1587-401A-B107-DE70FB7C8A9F}.RelWithDebInfo|Win32.ActiveCfg = RelWithDebInfo|Win32
		{FE7F9032-1587-401A-B107-DE70FB7C8A9F}.RelWithDebInfo|Win32.Build.0 = RelWithDebInfo|Win32
		{D5285559-CF78-4FCF-96FE-EDE10F3FEF62}.Debug|Win32.ActiveCfg = Debug|Win32
		{D5285559-CF78-4FCF-96FE-EDE10F3FEF62}.Debug|Win32.Build.0 = Debug|Win32
		{D5285559-CF78-4FCF-96FE-EDE10F3FEF62}.Release|Win32.ActiveCfg = Release|Win32
		{D5285559-CF78-4FCF-96FE-EDE10F3FEF62}.Release|Win32.Build.0 = Release|Win32
		{D5285559-CF78-4FCF-96FE-EDE10F3FEF62}.MinSizeRel|Win32.ActiveCfg = MinSizeRel|Win32
		{D5285559-CF78-4FCF-96FE-EDE10F3FEF62}.MinSizeRel|Win32.Build.0 = MinSizeRel|Win32
		{D5285559-CF78-4FCF-96FE-EDE10F3FEF62}.RelWithDebInfo|Win32.ActiveCfg = RelWithDebInfo|Win32
		{D5285559-CF78-4FCF-96FE-EDE10F3FEF62}.RelWithDebInfo|Win32.Build.0 = RelWithDebInfo|Win32
		{3C800847-246A-445E-AF49-0A15A8BCD469}.Debug|Win32.ActiveCfg = Debug|Win32
		{3C800847-246A-445E-AF49-0A15A8BCD469}.Debug|Win32.Build.0 = Debug|Win32
		{3C800847-246A-445E-AF49-0A15A8BCD469}.Release|Win32.ActiveCfg = Release|Win32
		{3C800847-246A-445E-AF49-0A15A8BCD469}.Release|Win32.Build.0 = Release|Win32
		{3C800847-246A-445E-AF49-0A15A8BCD469}.MinSizeRel|Win32.ActiveCfg = MinSizeRel|Win32
		{3C800847-246A-445E-AF49-0A15A8BCD469}.MinSizeRel|Win32.Build.0 = MinSizeRel|Win32
		{3C800847-246A-445E-AF49-0A15A8BCD469}.RelWithDebInfo|Win32.ActiveCfg = RelWithDebInfo|Win32
		{3C800847-246A-445E-AF49-0A15A8BCD469}.RelWithDebInfo|Win32.Build.0 = RelWithDebInfo|Win32
		{BF1D00C0-DB22-43C1-B4FB-37C371F02E15}.Debug|Win32.ActiveCfg = Debug|Win32
		{BF1D00C0-DB22-43C1-B4FB-37C371F02E15}.Debug|Win32.Build.0 = Debug|Win32
		{BF1D00C0-DB22-43C1-B4FB-37C371F02E15}.Release|Win32.ActiveCfg = Release|Win32
		{BF1D00C0-DB22-43C1-B4FB-37C371F02E15}.Release|Win32.Build.0 = Release|Win32
		{BF1D00C0-DB22-43C1-B4FB-37C371F02E15}.MinSizeRel|Win32.ActiveCfg = MinSizeRel|Win32
		{BF1D00C0-DB22-43C1-B4FB-37C371F02E15}.MinSizeRel|Win32.Build.0 = MinSizeRel|Win32
		{BF1D00C0-DB22-43C1-B4FB-37C371F02E15}.RelWithDebInfo|Win32.ActiveCfg = RelWithDebInfo|Win32
		{BF1D00C0-DB22-43C1-B4FB-37C371F02E15}.RelWithDebInfo|Win32.Build.0 = RelWithDebInfo|Win32
		{5AB067B6-915E-4CF1-92BD-B24AFBC50A1B}.Debug|Win32.ActiveCfg = Debug|Win32
		{5AB067B6-915E-4CF1-92BD-B24AFBC50A1B}.Debug|Win32.Build.0 = Debug|Win32
		{5AB067B6-915E-4CF1-92BD-B24AFBC50A1B}.Release|Win32.ActiveCfg = Release|Win32
		{5AB067B6-915E-4CF1-92BD-B24AFBC50A1B}.Release|Win32.Build.0 = Release|Win32
		{5AB067B6-915E-4CF1-92BD-B24AFBC50A1B}.MinSizeRel|Win32.ActiveCfg = MinSizeRel|Win32
		{5AB067B6-915E-4CF1-92BD-B24AFBC50A1B}.MinSizeRel|Win32.Build.0 = MinSizeRel|Win32
		{5AB067B6-915E-4CF1-92BD-B24AFBC50A1B}.RelWithDebInfo|Win32.ActiveCfg = RelWithDebInfo|Win32
		{5AB067B6-915E-4CF1-92BD-B24AFBC50A1B}.RelWithDebInfo|Win32.Build.0 = RelWithDebInfo|Win32
		{1A0448D6-8E9F-4B7A-A670-2755286F81F4}.Debug|Win32.ActiveCfg = Debug|Win32
		{1A0448D6-8E9F-4B7A-A670-2755286F81F4}.Debug|Win32.Build.0 = Debug|Win32
		{1A0448D6-8E9F-4B7A-A670-2755286F81F4}.Release|Win32.ActiveCfg = Release|Win32
		{1A0448D6-8E9F-4B7A-A670-2755286F81F4}.Release|Win32.Build.0 = Release|Win32
		{1A0448D6-8E9F-4B7A-A670-2755286F81F4}.MinSizeRel|Win32.ActiveCfg = MinSizeRel|Win32
		{1A0448D6-8E9F-4B7A-A670-2755286F81F4}.MinSizeRel|Win32.Build.0 = MinSizeRel|Win32
		{1A0448D6-8E9F-4B7A-A670-2755286F81F4}.RelWithDebInfo|Win32.ActiveCfg = RelWithDebInfo|Win32
		{1A0448D6-8E9F-4B7A-A670-2755286F81F4}.RelWithDebInfo|Win32.Build.0 = RelWithDebInfo|Win32
		{D63B1826-04B5-4ED3-9B7D-6D4C5D4C93E0}.Debug|Win32.ActiveCfg = Debug|Win32
		{D63B1826-04B5-4ED3-9B7D-6D4C5D4C93E0}.Debug|Win32.Build.0 = Debug|Win32
		{D63B1826-04B5-4ED3-9B7D-6D4C5D4C93E0}.Release|Win32.ActiveCfg = Release|Win32
		{D63B1826-04B5-4ED3-9B7D-6D4C5D4C93E0}.Release|Win32.Build.0 = Release|Win32
		{D63B1826-04B5-4ED3-9B7D-6D4C5D4C93E0}.MinSizeRel|Win32.ActiveCfg = MinSizeRel|Win32
		{D63B1826-04B5-4ED3-9B7D-6D4C5D4C93E0}.MinSizeRel|Win32.Build.0 = MinSizeRel|Win32
		{D63B1826-04B5-4ED3-9B7D-6D4C5D4C93E0}.RelWithDebInfo|Win32.ActiveCfg = RelWithDebInfo|Win32
		{D63B1826-04B5-4ED3-9B7D-6D4C5D4C93E0}.RelWithDebInfo|Win32.Build.0 = RelWithDebInfo|Win32
		{76628AD5-C340-4B60-8DC4-C185A3B44728}.Debug|Win32.ActiveCfg = Debug|Win32
		{76628AD5-C340-4B60-8DC4-C185A3B44728}.Debug|Win32.Build.0 = Debug|Win32
		{76628AD5-C340-4B60-8DC4-C185A3B44728}.Release|Win32.ActiveCfg = Release|Win32
		{76628AD5-C340-4B60-8DC4-C185A3B44728}.Release|Win32.Build.0 = Release|Win32
		{76628AD5-C340-4B60-8DC4-C185A3B44728}.MinSizeRel|Win32.ActiveCfg = MinSizeRel|Win32
		{76628AD5-C340-4B60-8DC4-C185A3B44728}.MinSizeRel|Win32.Build.0 = MinSizeRel|Win32
		{76628AD5-C340-4B60-8DC4-C185A3B44728}.RelWithDebInfo|Win32.ActiveCfg = RelWithDebInfo|Win32
		{76628AD5-C340-4B60-8DC4-C185A3B44728}.RelWithDebInfo|Win32.Build.0 = RelWithDebInfo|Win32
		{8072793E-991B-4CE1-926C-27DCD1A7E8B2}.Debug|Win32.ActiveCfg = Debug|Win32
		{8072793E-991B-4CE1-926C-27DCD1A7E8B2}.Release|Win32.ActiveCfg = Release|Win32
		{8072793E-991B-4CE1-926C-27DCD1A7E8B2}.MinSizeRel|Win32.ActiveCfg = MinSizeRel|Win32
		{8072793E-991B-4CE1-926C-27DCD1A7E8B2}.RelWithDebInfo|Win32.ActiveCfg = RelWithDebInfo|Win32
		{38C6351C-1BF2-45AD-B578-4F38592CB54A}.Debug|Win32.ActiveCfg = Debug|Win32
		{38C6351C-1BF2-45AD-B578-4F38592CB54A}.Debug|Win32.Build.0 = Debug|Win32
		{38C6351C-1BF2-45AD-B578-4F38592CB54A}.Release|Win32.ActiveCfg = Release|Win32
		{38C6351C-1BF2-45AD-B578-4F38592CB54A}.Release|Win32.Build.0 = Release|Win32
		{38C6351C-1BF2-45AD-B578-4F38592CB54A}.MinSizeRel|Win32.ActiveCfg = MinSizeRel|Win32
		{38C6351C-1BF2-45AD-B578-4F38592CB54A}.MinSizeRel|Win32.Build.0 = MinSizeRel|Win32
		{38C6351C-1BF2-45AD-B578-4F38592CB54A}.RelWithDebInfo|Win32.ActiveCfg = RelWithDebInfo|Win32
		{38C6351C-1BF2-45AD-B578-4F38592CB54A}.RelWithDebInfo|Win32.Build.0 = RelWithDebInfo|Win32
		{E810BC68-BF5C-4A21-958F-C2C5EA0D35D5}.Debug|Win32.ActiveCfg = Debug|Win32
		{E810BC68-BF5C-4A21-958F-C2C5EA0D35D5}.Debug|Win32.Build.0 = Debug|Win32
		{E810BC68-BF5C-4A21-958F-C2C5EA0D35D5}.Release|Win32.ActiveCfg = Release|Win32
		{E810BC68-BF5C-4A21-958F-C2C5EA0D35D5}.Release|Win32.Build.0 = Release|Win32
		{E810BC68-BF5C-4A21-958F-C2C5EA0D35D5}.MinSizeRel|Win32.ActiveCfg = MinSizeRel|Win32
		{E810BC68-BF5C-4A21-958F-C2C5EA0D35D5}.MinSizeRel|Win32.Build.0 = MinSizeRel|Win32
		{E810BC68-BF5C-4A21-958F-C2C5EA0D35D5}.RelWithDebInfo|Win32.ActiveCfg = RelWithDebInfo|Win32
		{E810BC68-BF5C-4A21-958F-C2C5EA0D35D5}.RelWithDebInfo|Win32.Build.0 = RelWithDebInfo|Win32
		{495BAFEA-0037-4C5A-84D3-78B6718877F3}.Debug|Win32.ActiveCfg = Debug|Win32
		{495BAFEA-0037-4C5A-84D3-78B6718877F3}.Release|Win32.ActiveCfg = Release|Win32
		{495BAFEA-0037-4C5A-84D3-78B6718877F3}.MinSizeRel|Win32.ActiveCfg = MinSizeRel|Win32
		{495BAFEA-0037-4C5A-84D3-78B6718877F3}.RelWithDebInfo|Win32.ActiveCfg = RelWithDebInfo|Win32
		{D6F82364-FE08-4BA3-81A1-1D07F5C5D0AB}.Debug|Win32.ActiveCfg = Debug|Win32
		{D6F82364-FE08-4BA3-81A1-1D07F5C5D0AB}.Debug|Win32.Build.0 = Debug|Win32
		{D6F82364-FE08-4BA3-81A1-1D07F5C5D0AB}.Release|Win32.ActiveCfg = Release|Win32
		{D6F82364-FE08-4BA3-81A1-1D07F5C5D0AB}.Release|Win32.Build.0 = Release|Win32
		{D6F82364-FE08-4BA3-81A1-1D07F5C5D0AB}.MinSizeRel|Win32.ActiveCfg = MinSizeRel|Win32
		{D6F82364-FE08-4BA3-81A1-1D07F5C5D0AB}.MinSizeRel|Win32.Build.0 = MinSizeRel|Win32
		{D6F82364-FE08-4BA3-81A1-1D07F5C5D0AB}.RelWithDebInfo|Win32.ActiveCfg = RelWithDebInfo|Win32
		{D6F82364-FE08-4BA3-81A1-1D07F5C5D0AB}.RelWithDebInfo|Win32.Build.0 = RelWithDebInfo|Win32
		{112E3818-9B4F-450F-BE39-EF1082DD488B}.Debug|Win32.ActiveCfg = Debug|Win32
		{112E3818-9B4F-450F-BE39-EF1082DD488B}.Debug|Win32.Build.0 = Debug|Win32
		{112E3818-9B4F-450F-BE39-EF1082DD488B}.Release|Win32.ActiveCfg = Release|Win32
		{112E3818-9B4F-450F-BE39-EF1082DD488B}.Release|Win32.Build.0 = Release|Win32
		{112E3818-9B4F-450F-BE39-EF1082DD488B}.MinSizeRel|Win32.ActiveCfg = MinSizeRel|Win32
		{112E3818-9B4F-450F-BE39-EF1082DD488B}.MinSizeRel|Win32.Build.0 = MinSizeRel|Win32
		{112E3818-9B4F-450F-BE39-EF1082DD488B}.RelWithDebInfo|Win32.ActiveCfg = RelWithDebInfo|Win32
		{112E3818-9B4F-450F-BE39-EF1082DD488B}.RelWithDebInfo|Win32.Build.0 = RelWithDebInfo|Win32
		{1175CFE2-902C-4CD9-8DA5-847C8969358E}.Debug|Win32.ActiveCfg = Debug|Win32
		{1175CFE2-902C-4CD9-8DA5-847C8969358E}.Debug|Win32.Build.0 = Debug|Win32
		{1175CFE2-902C-4CD9-8DA5-847C8969358E}.Release|Win32.ActiveCfg = Release|Win32
		{1175CFE2-902C-4CD9-8DA5-847C8969358E}.Release|Win32.Build.0 = Release|Win32
		{1175CFE2-902C-4CD9-8DA5-847C8969358E}.MinSizeRel|Win32.ActiveCfg = MinSizeRel|Win32
		{1175CFE2-902C-4CD9-8DA5-847C8969358E}.MinSizeRel|Win32.Build.0 = MinSizeRel|Win32
		{1175CFE2-902C-4CD9-8DA5-847C8969358E}.RelWithDebInfo|Win32.ActiveCfg = RelWithDebInfo|Win32
		{1175CFE2-902C-4CD9-8DA5-847C8969358E}.RelWithDebInfo|Win32.Build.0 = RelWithDebInfo|Win32
		{3AAB5AA2-CB11-4656-83D3-4641C11BFFC7}.Debug|Win32.ActiveCfg = Debug|Win32
		{3AAB5AA2-CB11-4656-83D3-4641C11BFFC7}.Debug|Win32.Build.0 = Debug|Win32
		{3AAB5AA2-CB11-4656-83D3-4641C11BFFC7}.Release|Win32.ActiveCfg = Release|Win32
		{3AAB5AA2-CB11-4656-83D3-4641C11BFFC7}.Release|Win32.Build.0 = Release|Win32
		{3AAB5AA2-CB11-4656-83D3-4641C11BFFC7}.MinSizeRel|Win32.ActiveCfg = MinSizeRel|Win32
		{3AAB5AA2-CB11-4656-83D3-4641C11BFFC7}.MinSizeRel|Win32.Build.0 = MinSizeRel|Win32
		{3AAB5AA2-CB11-4656-83D3-4641C11BFFC7}.RelWithDebInfo|Win32.ActiveCfg = RelWithDebInfo|Win32
		{3AAB5AA2-CB11-4656-83D3-4641C11BFFC7}.RelWithDebInfo|Win32.Build.0 = RelWithDebInfo|Win32
		{355045A7-1D80-4306-9701-4197B212F94F}.Debug|Win32.ActiveCfg = Debug|Win32
		{355045A7-1D80-4306-9701-4197B212F94F}.Debug|Win32.Build.0 = Debug|Win32
		{355045A7-1D80-4306-9701-4197B212F94F}.Release|Win32.ActiveCfg = Release|Win32
		{355045A7-1D80-4306-9701-4197B212F94F}.Release|Win32.Build.0 = Release|Win32
		{355045A7-1D80-4306-9701-4197B212F94F}.MinSizeRel|Win32.ActiveCfg = MinSizeRel|Win32
		{355045A7-1D80-4306-9701-4197B212F94F}.MinSizeRel|Win32.Build.0 = MinSizeRel|Win32
		{355045A7-1D80-4306-9701-4197B212F94F}.RelWithDebInfo|Win32.ActiveCfg = RelWithDebInfo|Win32
		{355045A7-1D80-4306-9701-4197B212F94F}.RelWithDebInfo|Win32.Build.0 = RelWithDebInfo|Win32
		{25D2FD37-410B-45E5-8477-2AE1E8F97ECB}.Debug|Win32.ActiveCfg = Debug|Win32
		{25D2FD37-410B-45E5-8477-2AE1E8F97ECB}.Debug|Win32.Build.0 = Debug|Win32
		{25D2FD37-410B-45E5-8477-2AE1E8F97ECB}.Release|Win32.ActiveCfg = Release|Win32
		{25D2FD37-410B-45E5-8477-2AE1E8F97ECB}.Release|Win32.Build.0 = Release|Win32
		{25D2FD37-410B-45E5-8477-2AE1E8F97ECB}.MinSizeRel|Win32.ActiveCfg = MinSizeRel|Win32
		{25D2FD37-410B-45E5-8477-2AE1E8F97ECB}.MinSizeRel|Win32.Build.0 = MinSizeRel|Win32
		{25D2FD37-410B-45E5-8477-2AE1E8F97ECB}.RelWithDebInfo|Win32.ActiveCfg = RelWithDebInfo|Win32
		{25D2FD37-410B-45E5-8477-2AE1E8F97ECB}.RelWithDebInfo|Win32.Build.0 = RelWithDebInfo|Win32
		{91D674CF-665B-450C-95FA-E629F9E7FF4E}.Debug|Win32.ActiveCfg = Debug|Win32
		{91D674CF-665B-450C-95FA-E629F9E7FF4E}.Debug|Win32.Build.0 = Debug|Win32
		{91D674CF-665B-450C-95FA-E629F9E7FF4E}.Release|Win32.ActiveCfg = Release|Win32
		{91D674CF-665B-450C-95FA-E629F9E7FF4E}.Release|Win32.Build.0 = Release|Win32
		{91D674CF-665B-450C-95FA-E629F9E7FF4E}.MinSizeRel|Win32.ActiveCfg = MinSizeRel|Win32
		{91D674CF-665B-450C-95FA-E629F9E7FF4E}.MinSizeRel|Win32.Build.0 = MinSizeRel|Win32
		{91D674CF-665B-450C-95FA-E629F9E7FF4E}.RelWithDebInfo|Win32.ActiveCfg = RelWithDebInfo|Win32
		{91D674CF-665B-450C-95FA-E629F9E7FF4E}.RelWithDebInfo|Win32.Build.0 = RelWithDebInfo|Win32
		{FFFC04A1-5BB6-4B58-A28A-2315AC180C03}.Debug|Win32.ActiveCfg = Debug|Win32
		{FFFC04A1-5BB6-4B58-A28A-2315AC180C03}.Debug|Win32.Build.0 = Debug|Win32
		{FFFC04A1-5BB6-4B58-A28A-2315AC180C03}.Release|Win32.ActiveCfg = Release|Win32
		{FFFC04A1-5BB6-4B58-A28A-2315AC180C03}.Release|Win32.Build.0 = Release|Win32
		{FFFC04A1-5BB6-4B58-A28A-2315AC180C03}.MinSizeRel|Win32.ActiveCfg = MinSizeRel|Win32
		{FFFC04A1-5BB6-4B58-A28A-2315AC180C03}.MinSizeRel|Win32.Build.0 = MinSizeRel|Win32
		{FFFC04A1-5BB6-4B58-A28A-2315AC180C03}.RelWithDebInfo|Win32.ActiveCfg = RelWithDebInfo|Win32
		{FFFC04A1-5BB6-4B58-A28A-2315AC180C03}.RelWithDebInfo|Win32.Build.0 = RelWithDebInfo|Win32
		{78FB9DF2-2CE2-4E88-A584-8805B105773B}.Debug|Win32.ActiveCfg = Debug|Win32
		{78FB9DF2-2CE2-4E88-A584-8805B105773B}.Debug|Win32.Build.0 = Debug|Win32
		{78FB9DF2-2CE2-4E88-A584-8805B105773B}.Release|Win32.ActiveCfg = Release|Win32
		{78FB9DF2-2CE2-4E88-A584-8805B105773B}.Release|Win32.Build.0 = Release|Win32
		{78FB9DF2-2CE2-4E88-A584-8805B105773B}.MinSizeRel|Win32.ActiveCfg = MinSizeRel|Win32
		{78FB9DF2-2CE2-4E88-A584-8805B105773B}.MinSizeRel|Win32.Build.0 = MinSizeRel|Win32
		{78FB9DF2-2CE2-4E88-A584-8805B105773B}.RelWithDebInfo|Win32.ActiveCfg = RelWithDebInfo|Win32
		{78FB9DF2-2CE2-4E88-A584-8805B105773B}.RelWithDebInfo|Win32.Build.0 = RelWithDebInfo|Win32
		{DE710BE0-654F-458D-B453-315FD0DC9D92}.Debug|Win32.ActiveCfg = Debug|Win32
		{DE710BE0-654F-458D-B453-315FD0DC9D92}.Debug|Win32.Build.0 = Debug|Win32
		{DE710BE0-654F-458D-B453-315FD0DC9D92}.Release|Win32.ActiveCfg = Release|Win32
		{DE710BE0-654F-458D-B453-315FD0DC9D92}.Release|Win32.Build.0 = Release|Win32
		{DE710BE0-654F-458D-B453-315FD0DC9D92}.MinSizeRel|Win32.ActiveCfg = MinSizeRel|Win32
		{DE710BE0-654F-458D-B453-315FD0DC9D92}.MinSizeRel|Win32.Build.0 = MinSizeRel|Win32
		{DE710BE0-654F-458D-B453-315FD0DC9D92}.RelWithDebInfo|Win32.ActiveCfg = RelWithDebInfo|Win32
		{DE710BE0-654F-458D-B453-315FD0DC9D92}.RelWithDebInfo|Win32.Build.0 = RelWithDebInfo|Win32
		{EE549FA8-F14B-4865-9325-B393C3CEAC8D}.Debug|Win32.ActiveCfg = Debug|Win32
		{EE549FA8-F14B-4865-9325-B393C3CEAC8D}.Debug|Win32.Build.0 = Debug|Win32
		{EE549FA8-F14B-4865-9325-B393C3CEAC8D}.Release|Win32.ActiveCfg = Release|Win32
		{EE549FA8-F14B-4865-9325-B393C3CEAC8D}.Release|Win32.Build.0 = Release|Win32
		{EE549FA8-F14B-4865-9325-B393C3CEAC8D}.MinSizeRel|Win32.ActiveCfg = MinSizeRel|Win32
		{EE549FA8-F14B-4865-9325-B393C3CEAC8D}.MinSizeRel|Win32.Build.0 = MinSizeRel|Win32
		{EE549FA8-F14B-4865-9325-B393C3CEAC8D}.RelWithDebInfo|Win32.ActiveCfg = RelWithDebInfo|Win32
		{EE549FA8-F14B-4865-9325-B393C3CEAC8D}.RelWithDebInfo|Win32.Build.0 = RelWithDebInfo|Win32
		{A9825D20-4FD3-419E-9C2D-4CF8877BF6B4}.Debug|Win32.ActiveCfg = Debug|Win32
		{A9825D20-4FD3-419E-9C2D-4CF8877BF6B4}.Debug|Win32.Build.0 = Debug|Win32
		{A9825D20-4FD3-419E-9C2D-4CF8877BF6B4}.Release|Win32.ActiveCfg = Release|Win32
		{A9825D20-4FD3-419E-9C2D-4CF8877BF6B4}.Release|Win32.Build.0 = Release|Win32
		{A9825D20-4FD3-419E-9C2D-4CF8877BF6B4}.MinSizeRel|Win32.ActiveCfg = MinSizeRel|Win32
		{A9825D20-4FD3-419E-9C2D-4CF8877BF6B4}.MinSizeRel|Win32.Build.0 = MinSizeRel|Win32
		{A9825D20-4FD3-419E-9C2D-4CF8877BF6B4}.RelWithDebInfo|Win32.ActiveCfg = RelWithDebInfo|Win32
		{A9825D20-4FD3-419E-9C2D-4CF8877BF6B4}.RelWithDebInfo|Win32.Build.0 = RelWithDebInfo|Win32
		{8BFCA969-5927-4D13-9EF1-82F4CE182FF8}.Debug|Win32.ActiveCfg = Debug|Win32
		{8BFCA969-5927-4D13-9EF1-82F4CE182FF8}.Debug|Win32.Build.0 = Debug|Win32
		{8BFCA969-5927-4D13-9EF1-82F4CE182FF8}.Release|Win32.ActiveCfg = Release|Win32
		{8BFCA969-5927-4D13-9EF1-82F4CE182FF8}.Release|Win32.Build.0 = Release|Win32
		{8BFCA969-5927-4D13-9EF1-82F4CE182FF8}.MinSizeRel|Win32.ActiveCfg = MinSizeRel|Win32
		{8BFCA969-5927-4D13-9EF1-82F4CE182FF8}.MinSizeRel|Win32.Build.0 = MinSizeRel|Win32
		{8BFCA969-5927-4D13-9EF1-82F4CE182FF8}.RelWithDebInfo|Win32.ActiveCfg = RelWithDebInfo|Win32
		{8BFCA969-5927-4D13-9EF1-82F4CE182FF8}.RelWithDebInfo|Win32.Build.0 = RelWithDebInfo|Win32
		{CA596FA8-A635-4681-B288-2F81A260A662}.Debug|Win32.ActiveCfg = Debug|Win32
		{CA596FA8-A635-4681-B288-2F81A260A662}.Debug|Win32.Build.0 = Debug|Win32
		{CA596FA8-A635-4681-B288-2F81A260A662}.Release|Win32.ActiveCfg = Release|Win32
		{CA596FA8-A635-4681-B288-2F81A260A662}.Release|Win32.Build.0 = Release|Win32
		{CA596FA8-A635-4681-B288-2F81A260A662}.MinSizeRel|Win32.ActiveCfg = MinSizeRel|Win32
		{CA596FA8-A635-4681-B288-2F81A260A662}.MinSizeRel|Win32.Build.0 = MinSizeRel|Win32
		{CA596FA8-A635-4681-B288-2F81A260A662}.RelWithDebInfo|Win32.ActiveCfg = RelWithDebInfo|Win32
		{CA596FA8-A635-4681-B288-2F81A260A662}.RelWithDebInfo|Win32.Build.0 = RelWithDebInfo|Win32
		{C87436B4-51AE-4B5C-9A56-E5D2B3DCBC6B}.Debug|Win32.ActiveCfg = Debug|Win32
		{C87436B4-51AE-4B5C-9A56-E5D2B3DCBC6B}.Debug|Win32.Build.0 = Debug|Win32
		{C87436B4-51AE-4B5C-9A56-E5D2B3DCBC6B}.Release|Win32.ActiveCfg = Release|Win32
		{C87436B4-51AE-4B5C-9A56-E5D2B3DCBC6B}.Release|Win32.Build.0 = Release|Win32
		{C87436B4-51AE-4B5C-9A56-E5D2B3DCBC6B}.MinSizeRel|Win32.ActiveCfg = MinSizeRel|Win32
		{C87436B4-51AE-4B5C-9A56-E5D2B3DCBC6B}.MinSizeRel|Win32.Build.0 = MinSizeRel|Win32
		{C87436B4-51AE-4B5C-9A56-E5D2B3DCBC6B}.RelWithDebInfo|Win32.ActiveCfg = RelWithDebInfo|Win32
		{C87436B4-51AE-4B5C-9A56-E5D2B3DCBC6B}.RelWithDebInfo|Win32.Build.0 = RelWithDebInfo|Win32
		{4B7B0B22-A22C-4597-A15D-8FFE7038CA32}.Debug|Win32.ActiveCfg = Debug|Win32
		{4B7B0B22-A22C-4597-A15D-8FFE7038CA32}.Debug|Win32.Build.0 = Debug|Win32
		{4B7B0B22-A22C-4597-A15D-8FFE7038CA32}.Release|Win32.ActiveCfg = Release|Win32
		{4B7B0B22-A22C-4597-A15D-8FFE7038CA32}.Release|Win32.Build.0 = Release|Win32
		{4B7B0B22-A22C-4597-A15D-8FFE7038CA32}.MinSizeRel|Win32.ActiveCfg = MinSizeRel|Win32
		{4B7B0B22-A22C-4597-A15D-8FFE7038CA32}.MinSizeRel|Win32.Build.0 = MinSizeRel|Win32
		{4B7B0B22-A22C-4597-A15D-8FFE7038CA32}.RelWithDebInfo|Win32.ActiveCfg = RelWithDebInfo|Win32
		{4B7B0B22-A22C-4597-A15D-8FFE7038CA32}.RelWithDebInfo|Win32.Build.0 = RelWithDebInfo|Win32
		{C194D586-8D69-4682-B3CE-C13EA115899F}.Debug|Win32.ActiveCfg = Debug|Win32
		{C194D586-8D69-4682-B3CE-C13EA115899F}.Debug|Win32.Build.0 = Debug|Win32
		{C194D586-8D69-4682-B3CE-C13EA115899F}.Release|Win32.ActiveCfg = Release|Win32
		{C194D586-8D69-4682-B3CE-C13EA115899F}.Release|Win32.Build.0 = Release|Win32
		{C194D586-8D69-4682-B3CE-C13EA115899F}.MinSizeRel|Win32.ActiveCfg = MinSizeRel|Win32
		{C194D586-8D69-4682-B3CE-C13EA115899F}.MinSizeRel|Win32.Build.0 = MinSizeRel|Win32
		{C194D586-8D69-4682-B3CE-C13EA115899F}.RelWithDebInfo|Win32.ActiveCfg = RelWithDebInfo|Win32
		{C194D586-8D69-4682-B3CE-C13EA115899F}.RelWithDebInfo|Win32.Build.0 = RelWithDebInfo|Win32
		{C40B59A4-C307-4F64-B0A4-384E28201C73}.Debug|Win32.ActiveCfg = Debug|Win32
		{C40B59A4-C307-4F64-B0A4-384E28201C73}.Debug|Win32.Build.0 = Debug|Win32
		{C40B59A4-C307-4F64-B0A4-384E28201C73}.Release|Win32.ActiveCfg = Release|Win32
		{C40B59A4-C307-4F64-B0A4-384E28201C73}.Release|Win32.Build.0 = Release|Win32
		{C40B59A4-C307-4F64-B0A4-384E28201C73}.MinSizeRel|Win32.ActiveCfg = MinSizeRel|Win32
		{C40B59A4-C307-4F64-B0A4-384E28201C73}.MinSizeRel|Win32.Build.0 = MinSizeRel|Win32
		{C40B59A4-C307-4F64-B0A4-384E28201C73}.RelWithDebInfo|Win32.ActiveCfg = RelWithDebInfo|Win32
		{C40B59A4-C307-4F64-B0A4-384E28201C73}.RelWithDebInfo|Win32.Build.0 = RelWithDebInfo|Win32
		{A34552DF-0204-4F7B-A75A-69D78E6B0454}.Debug|Win32.ActiveCfg = Debug|Win32
		{A34552DF-0204-4F7B-A75A-69D78E6B0454}.Debug|Win32.Build.0 = Debug|Win32
		{A34552DF-0204-4F7B-A75A-69D78E6B0454}.Release|Win32.ActiveCfg = Release|Win32
		{A34552DF-0204-4F7B-A75A-69D78E6B0454}.Release|Win32.Build.0 = Release|Win32
		{A34552DF-0204-4F7B-A75A-69D78E6B0454}.MinSizeRel|Win32.ActiveCfg = MinSizeRel|Win32
		{A34552DF-0204-4F7B-A75A-69D78E6B0454}.MinSizeRel|Win32.Build.0 = MinSizeRel|Win32
		{A34552DF-0204-4F7B-A75A-69D78E6B0454}.RelWithDebInfo|Win32.ActiveCfg = RelWithDebInfo|Win32
		{A34552DF-0204-4F7B-A75A-69D78E6B0454}.RelWithDebInfo|Win32.Build.0 = RelWithDebInfo|Win32
		{6F43E262-5C9E-4D1B-AB8A-13964AB69DA3}.Debug|Win32.ActiveCfg = Debug|Win32
		{6F43E262-5C9E-4D1B-AB8A-13964AB69DA3}.Debug|Win32.Build.0 = Debug|Win32
		{6F43E262-5C9E-4D1B-AB8A-13964AB69DA3}.Release|Win32.ActiveCfg = Release|Win32
		{6F43E262-5C9E-4D1B-AB8A-13964AB69DA3}.Release|Win32.Build.0 = Release|Win32
		{6F43E262-5C9E-4D1B-AB8A-13964AB69DA3}.MinSizeRel|Win32.ActiveCfg = MinSizeRel|Win32
		{6F43E262-5C9E-4D1B-AB8A-13964AB69DA3}.MinSizeRel|Win32.Build.0 = MinSizeRel|Win32
		{6F43E262-5C9E-4D1B-AB8A-13964AB69DA3}.RelWithDebInfo|Win32.ActiveCfg = RelWithDebInfo|Win32
		{6F43E262-5C9E-4D1B-AB8A-13964AB69DA3}.RelWithDebInfo|Win32.Build.0 = RelWithDebInfo|Win32
		{BBE36DB4-0422-456D-AFA6-11E6F26C4F98}.Debug|Win32.ActiveCfg = Debug|Win32
		{BBE36DB4-0422-456D-AFA6-11E6F26C4F98}.Debug|Win32.Build.0 = Debug|Win32
		{BBE36DB4-0422-456D-AFA6-11E6F26C4F98}.Release|Win32.ActiveCfg = Release|Win32
		{BBE36DB4-0422-456D-AFA6-11E6F26C4F98}.Release|Win32.Build.0 = Release|Win32
		{BBE36DB4-0422-456D-AFA6-11E6F26C4F98}.MinSizeRel|Win32.ActiveCfg = MinSizeRel|Win32
		{BBE36DB4-0422-456D-AFA6-11E6F26C4F98}.MinSizeRel|Win32.Build.0 = MinSizeRel|Win32
		{BBE36DB4-0422-456D-AFA6-11E6F26C4F98}.RelWithDebInfo|Win32.ActiveCfg = RelWithDebInfo|Win32
		{BBE36DB4-0422-456D-AFA6-11E6F26C4F98}.RelWithDebInfo|Win32.Build.0 = RelWithDebInfo|Win32
		{EB63C3E9-F3BA-44D5-A8FF-E7B34430C2AF}.Debug|Win32.ActiveCfg = Debug|Win32
		{EB63C3E9-F3BA-44D5-A8FF-E7B34430C2AF}.Debug|Win32.Build.0 = Debug|Win32
		{EB63C3E9-F3BA-44D5-A8FF-E7B34430C2AF}.Release|Win32.ActiveCfg = Release|Win32
		{EB63C3E9-F3BA-44D5-A8FF-E7B34430C2AF}.Release|Win32.Build.0 = Release|Win32
		{EB63C3E9-F3BA-44D5-A8FF-E7B34430C2AF}.MinSizeRel|Win32.ActiveCfg = MinSizeRel|Win32
		{EB63C3E9-F3BA-44D5-A8FF-E7B34430C2AF}.MinSizeRel|Win32.Build.0 = MinSizeRel|Win32
		{EB63C3E9-F3BA-44D5-A8FF-E7B34430C2AF}.RelWithDebInfo|Win32.ActiveCfg = RelWithDebInfo|Win32
		{EB63C3E9-F3BA-44D5-A8FF-E7B34430C2AF}.RelWithDebInfo|Win32.Build.0 = RelWithDebInfo|Win32
		{82351D3F-E83C-415A-AC08-65E2848A6022}.Debug|Win32.ActiveCfg = Debug|Win32
		{82351D3F-E83C-415A-AC08-65E2848A6022}.Debug|Win32.Build.0 = Debug|Win32
		{82351D3F-E83C-415A-AC08-65E2848A6022}.Release|Win32.ActiveCfg = Release|Win32
		{82351D3F-E83C-415A-AC08-65E2848A6022}.Release|Win32.Build.0 = Release|Win32
		{82351D3F-E83C-415A-AC08-65E2848A6022}.MinSizeRel|Win32.ActiveCfg = MinSizeRel|Win32
		{82351D3F-E83C-415A-AC08-65E2848A6022}.MinSizeRel|Win32.Build.0 = MinSizeRel|Win32
		{82351D3F-E83C-415A-AC08-65E2848A6022}.RelWithDebInfo|Win32.ActiveCfg = RelWithDebInfo|Win32
		{82351D3F-E83C-415A-AC08-65E2848A6022}.RelWithDebInfo|Win32.Build.0 = RelWithDebInfo|Win32
		{A318BF34-E8BA-48A4-A79F-9B5B7AE6A6ED}.Debug|Win32.ActiveCfg = Debug|Win32
		{A318BF34-E8BA-48A4-A79F-9B5B7AE6A6ED}.Debug|Win32.Build.0 = Debug|Win32
		{A318BF34-E8BA-48A4-A79F-9B5B7AE6A6ED}.Release|Win32.ActiveCfg = Release|Win32
		{A318BF34-E8BA-48A4-A79F-9B5B7AE6A6ED}.Release|Win32.Build.0 = Release|Win32
		{A318BF34-E8BA-48A4-A79F-9B5B7AE6A6ED}.MinSizeRel|Win32.ActiveCfg = MinSizeRel|Win32
		{A318BF34-E8BA-48A4-A79F-9B5B7AE6A6ED}.MinSizeRel|Win32.Build.0 = MinSizeRel|Win32
		{A318BF34-E8BA-48A4-A79F-9B5B7AE6A6ED}.RelWithDebInfo|Win32.ActiveCfg = RelWithDebInfo|Win32
		{A318BF34-E8BA-48A4-A79F-9B5B7AE6A6ED}.RelWithDebInfo|Win32.Build.0 = RelWithDebInfo|Win32
		{447D1708-CE21-4482-BE30-3FFE6D9AE52E}.Debug|Win32.ActiveCfg = Debug|Win32
		{447D1708-CE21-4482-BE30-3FFE6D9AE52E}.Debug|Win32.Build.0 = Debug|Win32
		{447D1708-CE21-4482-BE30-3FFE6D9AE52E}.Release|Win32.ActiveCfg = Release|Win32
		{447D1708-CE21-4482-BE30-3FFE6D9AE52E}.Release|Win32.Build.0 = Release|Win32
		{447D1708-CE21-4482-BE30-3FFE6D9AE52E}.MinSizeRel|Win32.ActiveCfg = MinSizeRel|Win32
		{447D1708-CE21-4482-BE30-3FFE6D9AE52E}.MinSizeRel|Win32.Build.0 = MinSizeRel|Win32
		{447D1708-CE21-4482-BE30-3FFE6D9AE52E}.RelWithDebInfo|Win32.ActiveCfg = RelWithDebInfo|Win32
		{447D1708-CE21-4482-BE30-3FFE6D9AE52E}.RelWithDebInfo|Win32.Build.0 = RelWithDebInfo|Win32
		{8CE161FE-39B7-4578-B79D-1BD36BDFB450}.Debug|Win32.ActiveCfg = Debug|Win32
		{8CE161FE-39B7-4578-B79D-1BD36BDFB450}.Debug|Win32.Build.0 = Debug|Win32
		{8CE161FE-39B7-4578-B79D-1BD36BDFB450}.Release|Win32.ActiveCfg = Release|Win32
		{8CE161FE-39B7-4578-B79D-1BD36BDFB450}.Release|Win32.Build.0 = Release|Win32
		{8CE161FE-39B7-4578-B79D-1BD36BDFB450}.MinSizeRel|Win32.ActiveCfg = MinSizeRel|Win32
		{8CE161FE-39B7-4578-B79D-1BD36BDFB450}.MinSizeRel|Win32.Build.0 = MinSizeRel|Win32
		{8CE161FE-39B7-4578-B79D-1BD36BDFB450}.RelWithDebInfo|Win32.ActiveCfg = RelWithDebInfo|Win32
		{8CE161FE-39B7-4578-B79D-1BD36BDFB450}.RelWithDebInfo|Win32.Build.0 = RelWithDebInfo|Win32
		{2C6EB99C-3B52-418C-8F27-12A12A651614}.Debug|Win32.ActiveCfg = Debug|Win32
		{2C6EB99C-3B52-418C-8F27-12A12A651614}.Debug|Win32.Build.0 = Debug|Win32
		{2C6EB99C-3B52-418C-8F27-12A12A651614}.Release|Win32.ActiveCfg = Release|Win32
		{2C6EB99C-3B52-418C-8F27-12A12A651614}.Release|Win32.Build.0 = Release|Win32
		{2C6EB99C-3B52-418C-8F27-12A12A651614}.MinSizeRel|Win32.ActiveCfg = MinSizeRel|Win32
		{2C6EB99C-3B52-418C-8F27-12A12A651614}.MinSizeRel|Win32.Build.0 = MinSizeRel|Win32
		{2C6EB99C-3B52-418C-8F27-12A12A651614}.RelWithDebInfo|Win32.ActiveCfg = RelWithDebInfo|Win32
		{2C6EB99C-3B52-418C-8F27-12A12A651614}.RelWithDebInfo|Win32.Build.0 = RelWithDebInfo|Win32
		{EB7B5C4F-C152-49A9-AC10-39B8FDAAB459}.Debug|Win32.ActiveCfg = Debug|Win32
		{EB7B5C4F-C152-49A9-AC10-39B8FDAAB459}.Debug|Win32.Build.0 = Debug|Win32
		{EB7B5C4F-C152-49A9-AC10-39B8FDAAB459}.Release|Win32.ActiveCfg = Release|Win32
		{EB7B5C4F-C152-49A9-AC10-39B8FDAAB459}.Release|Win32.Build.0 = Release|Win32
		{EB7B5C4F-C152-49A9-AC10-39B8FDAAB459}.MinSizeRel|Win32.ActiveCfg = MinSizeRel|Win32
		{EB7B5C4F-C152-49A9-AC10-39B8FDAAB459}.MinSizeRel|Win32.Build.0 = MinSizeRel|Win32
		{EB7B5C4F-C152-49A9-AC10-39B8FDAAB459}.RelWithDebInfo|Win32.ActiveCfg = RelWithDebInfo|Win32
		{EB7B5C4F-C152-49A9-AC10-39B8FDAAB459}.RelWithDebInfo|Win32.Build.0 = RelWithDebInfo|Win32
		{2657969F-3B8A-4CF9-AF59-DDDA5340B895}.Debug|Win32.ActiveCfg = Debug|Win32
		{2657969F-3B8A-4CF9-AF59-DDDA5340B895}.Release|Win32.ActiveCfg = Release|Win32
		{2657969F-3B8A-4CF9-AF59-DDDA5340B895}.MinSizeRel|Win32.ActiveCfg = MinSizeRel|Win32
		{2657969F-3B8A-4CF9-AF59-DDDA5340B895}.RelWithDebInfo|Win32.ActiveCfg = RelWithDebInfo|Win32
	EndGlobalSection
	GlobalSection(ExtensibilityGlobals) = postSolution
	EndGlobalSection
	GlobalSection(ExtensibilityAddIns) = postSolution
	EndGlobalSection
EndGlobal
